<?xml version="1.0" encoding="UTF-8"?>
<!DOCTYPE plist PUBLIC "-//Apple//DTD PLIST 1.0//EN" "http://www.apple.com/DTDs/PropertyList-1.0.dtd">
<plist version="1.0">
<dict>
	<key>archiveVersion</key>
	<string>1</string>
	<key>classes</key>
	<dict/>
	<key>objectVersion</key>
	<string>46</string>
	<key>objects</key>
	<dict>
		<key>39AE7CCDE905772CF22D3706</key>
		<dict>
			<key>explicitFileType</key>
			<string>wrapper.framework</string>
			<key>includeInIndex</key>
			<string>0</string>
			<key>isa</key>
			<string>PBXFileReference</string>
			<key>path</key>
			<string>Pods_GraffiTab_iOS_SDK.framework</string>
			<key>sourceTree</key>
			<string>BUILT_PRODUCTS_DIR</string>
		</dict>
		<key>75B4B9EB572F11F188A32B91</key>
		<dict>
			<key>includeInIndex</key>
			<string>1</string>
			<key>isa</key>
			<string>PBXFileReference</string>
			<key>lastKnownFileType</key>
			<string>text.xcconfig</string>
			<key>name</key>
			<string>Pods-GraffiTab_iOS_SDK.debug.xcconfig</string>
			<key>path</key>
			<string>Pods/Target Support Files/Pods-GraffiTab_iOS_SDK/Pods-GraffiTab_iOS_SDK.debug.xcconfig</string>
			<key>sourceTree</key>
			<string>&lt;group&gt;</string>
		</dict>
		<key>AF95B594A805F4566E19ED0E</key>
		<dict>
			<key>children</key>
			<array>
				<string>75B4B9EB572F11F188A32B91</string>
				<string>CFF93A12448AB18B3A9BBE8D</string>
			</array>
			<key>isa</key>
			<string>PBXGroup</string>
			<key>name</key>
			<string>Pods</string>
			<key>sourceTree</key>
			<string>&lt;group&gt;</string>
		</dict>
		<key>B0C73954E564BF6D32692AB9</key>
		<dict>
			<key>fileRef</key>
			<string>39AE7CCDE905772CF22D3706</string>
			<key>isa</key>
			<string>PBXBuildFile</string>
		</dict>
		<key>CFF93A12448AB18B3A9BBE8D</key>
		<dict>
			<key>includeInIndex</key>
			<string>1</string>
			<key>isa</key>
			<string>PBXFileReference</string>
			<key>lastKnownFileType</key>
			<string>text.xcconfig</string>
			<key>name</key>
			<string>Pods-GraffiTab_iOS_SDK.release.xcconfig</string>
			<key>path</key>
			<string>Pods/Target Support Files/Pods-GraffiTab_iOS_SDK/Pods-GraffiTab_iOS_SDK.release.xcconfig</string>
			<key>sourceTree</key>
			<string>&lt;group&gt;</string>
		</dict>
		<key>D5AEE9502010798B6F45CA2D</key>
		<dict>
			<key>buildActionMask</key>
			<string>2147483647</string>
			<key>files</key>
			<array/>
			<key>inputPaths</key>
			<array/>
			<key>isa</key>
			<string>PBXShellScriptBuildPhase</string>
			<key>name</key>
			<string>[CP] Copy Pods Resources</string>
			<key>outputPaths</key>
			<array/>
			<key>runOnlyForDeploymentPostprocessing</key>
			<string>0</string>
			<key>shellPath</key>
			<string>/bin/sh</string>
			<key>shellScript</key>
			<string>"${SRCROOT}/Pods/Target Support Files/Pods-GraffiTab_iOS_SDK/Pods-GraffiTab_iOS_SDK-resources.sh"
</string>
			<key>showEnvVarsInLog</key>
			<string>0</string>
		</dict>
		<key>E2AD2AC50062F5C828E365AD</key>
		<dict>
			<key>children</key>
			<array>
				<string>39AE7CCDE905772CF22D3706</string>
			</array>
			<key>isa</key>
			<string>PBXGroup</string>
			<key>name</key>
			<string>Frameworks</string>
			<key>sourceTree</key>
			<string>&lt;group&gt;</string>
		</dict>
		<key>E50564DA1CECC1D200A42E56</key>
		<dict>
			<key>fileEncoding</key>
			<string>4</string>
			<key>isa</key>
			<string>PBXFileReference</string>
			<key>lastKnownFileType</key>
			<string>sourcecode.swift</string>
			<key>path</key>
			<string>GTCreateStreamableGraffitiTask.swift</string>
			<key>sourceTree</key>
			<string>&lt;group&gt;</string>
		</dict>
		<key>E50564DB1CECC1D200A42E56</key>
		<dict>
			<key>fileRef</key>
			<string>E50564DA1CECC1D200A42E56</string>
			<key>isa</key>
			<string>PBXBuildFile</string>
		</dict>
		<key>E51005F61CB710B700AC66A5</key>
		<dict>
			<key>children</key>
			<array>
				<string>E51005F71CB710B700AC66A5</string>
			</array>
			<key>isa</key>
			<string>PBXGroup</string>
			<key>path</key>
			<string>Feedback</string>
			<key>sourceTree</key>
			<string>&lt;group&gt;</string>
		</dict>
		<key>E51005F71CB710B700AC66A5</key>
		<dict>
			<key>children</key>
			<array>
				<string>E510071B1CBDB79300AC66A5</string>
			</array>
			<key>isa</key>
			<string>PBXGroup</string>
			<key>path</key>
			<string>General</string>
			<key>sourceTree</key>
			<string>&lt;group&gt;</string>
		</dict>
		<key>E51005F81CB710B700AC66A5</key>
		<dict>
			<key>children</key>
			<array>
				<string>E51005F91CB710B700AC66A5</string>
				<string>E51005FB1CB710B700AC66A5</string>
				<string>E51005FD1CB710B700AC66A5</string>
				<string>E51005FE1CB710B700AC66A5</string>
				<string>E51005FF1CB710B700AC66A5</string>
				<string>E51006011CB710B700AC66A5</string>
				<string>E51006021CB710B700AC66A5</string>
				<string>E51006031CB710B700AC66A5</string>
				<string>E51006041CB710B700AC66A5</string>
				<string>E51006051CB710B700AC66A5</string>
				<string>E51006061CB710B700AC66A5</string>
			</array>
			<key>isa</key>
			<string>PBXGroup</string>
			<key>path</key>
			<string>Me</string>
			<key>sourceTree</key>
			<string>&lt;group&gt;</string>
		</dict>
		<key>E51005F91CB710B700AC66A5</key>
		<dict>
			<key>children</key>
			<array>
				<string>E51005FA1CB710B700AC66A5</string>
			</array>
			<key>isa</key>
			<string>PBXGroup</string>
			<key>path</key>
			<string>Devices</string>
			<key>sourceTree</key>
			<string>&lt;group&gt;</string>
		</dict>
		<key>E51005FA1CB710B700AC66A5</key>
		<dict>
			<key>fileEncoding</key>
			<string>4</string>
			<key>isa</key>
			<string>PBXFileReference</string>
			<key>lastKnownFileType</key>
			<string>sourcecode.swift</string>
			<key>path</key>
			<string>GTLinkDeviceTask.swift</string>
			<key>sourceTree</key>
			<string>&lt;group&gt;</string>
		</dict>
		<key>E51005FB1CB710B700AC66A5</key>
		<dict>
			<key>children</key>
			<array>
				<string>E51005FC1CB710B700AC66A5</string>
				<string>E51007231CBE461E00AC66A5</string>
				<string>E51007311CBE714E00AC66A5</string>
				<string>E510072D1CBE6C0C00AC66A5</string>
				<string>E51007331CBE7EE500AC66A5</string>
				<string>E510072F1CBE6CA700AC66A5</string>
				<string>E51007351CBE82A700AC66A5</string>
			</array>
			<key>isa</key>
			<string>PBXGroup</string>
			<key>path</key>
			<string>Edit</string>
			<key>sourceTree</key>
			<string>&lt;group&gt;</string>
		</dict>
		<key>E51005FC1CB710B700AC66A5</key>
		<dict>
			<key>fileEncoding</key>
			<string>4</string>
			<key>isa</key>
			<string>PBXFileReference</string>
			<key>lastKnownFileType</key>
			<string>sourcecode.swift</string>
			<key>path</key>
			<string>GTImportExternalProviderAvatarTask.swift</string>
			<key>sourceTree</key>
			<string>&lt;group&gt;</string>
		</dict>
		<key>E51005FD1CB710B700AC66A5</key>
		<dict>
			<key>children</key>
			<array>
				<string>E52DC7411CE5550A00375828</string>
				<string>E52DC7431CE555D700375828</string>
			</array>
			<key>isa</key>
			<string>PBXGroup</string>
			<key>path</key>
			<string>External providers</string>
			<key>sourceTree</key>
			<string>&lt;group&gt;</string>
		</dict>
		<key>E51005FE1CB710B700AC66A5</key>
		<dict>
			<key>children</key>
			<array>
				<string>E51006261CB7116A00AC66A5</string>
			</array>
			<key>isa</key>
			<string>PBXGroup</string>
			<key>path</key>
			<string>Feed</string>
			<key>sourceTree</key>
			<string>&lt;group&gt;</string>
		</dict>
		<key>E51005FF1CB710B700AC66A5</key>
		<dict>
			<key>children</key>
			<array>
				<string>E51006B31CBBFE3B00AC66A5</string>
			</array>
			<key>isa</key>
			<string>PBXGroup</string>
			<key>path</key>
			<string>Followers</string>
			<key>sourceTree</key>
			<string>&lt;group&gt;</string>
		</dict>
		<key>E51006011CB710B700AC66A5</key>
		<dict>
			<key>children</key>
			<array>
				<string>E55452D91CF317420076CEC9</string>
				<string>E55452DB1CF31C5A0076CEC9</string>
				<string>E55452DD1CF324990076CEC9</string>
				<string>E55452DF1CF325300076CEC9</string>
			</array>
			<key>isa</key>
			<string>PBXGroup</string>
			<key>path</key>
			<string>Locations</string>
			<key>sourceTree</key>
			<string>&lt;group&gt;</string>
		</dict>
		<key>E51006021CB710B700AC66A5</key>
		<dict>
			<key>children</key>
			<array>
				<string>E51006951CBBA9BD00AC66A5</string>
				<string>E510070A1CBD3FD800AC66A5</string>
			</array>
			<key>isa</key>
			<string>PBXGroup</string>
			<key>path</key>
			<string>Notifications</string>
			<key>sourceTree</key>
			<string>&lt;group&gt;</string>
		</dict>
		<key>E51006031CB710B700AC66A5</key>
		<dict>
			<key>children</key>
			<array>
				<string>E52DC7451CE557C500375828</string>
				<string>E52DC7471CE558BD00375828</string>
				<string>E52DC7491CE5595F00375828</string>
			</array>
			<key>isa</key>
			<string>PBXGroup</string>
			<key>path</key>
			<string>Private streamables</string>
			<key>sourceTree</key>
			<string>&lt;group&gt;</string>
		</dict>
		<key>E51006041CB710B700AC66A5</key>
		<dict>
			<key>children</key>
			<array>
				<string>E51006461CB726F200AC66A5</string>
				<string>E5DAA8B81CE4A6C5000CB2F4</string>
			</array>
			<key>isa</key>
			<string>PBXGroup</string>
			<key>path</key>
			<string>Profile</string>
			<key>sourceTree</key>
			<string>&lt;group&gt;</string>
		</dict>
		<key>E51006051CB710B700AC66A5</key>
		<dict>
			<key>children</key>
			<array>
				<string>E59BC3181D17F193009781BA</string>
				<string>E59BC31A1D17F44A009781BA</string>
			</array>
			<key>isa</key>
			<string>PBXGroup</string>
			<key>path</key>
			<string>Social</string>
			<key>sourceTree</key>
			<string>&lt;group&gt;</string>
		</dict>
		<key>E51006061CB710B700AC66A5</key>
		<dict>
			<key>children</key>
			<array>
				<string>E50564DA1CECC1D200A42E56</string>
				<string>E55452CA1CF28D590076CEC9</string>
				<string>E55452CC1CF298DE0076CEC9</string>
			</array>
			<key>isa</key>
			<string>PBXGroup</string>
			<key>path</key>
			<string>Streamables</string>
			<key>sourceTree</key>
			<string>&lt;group&gt;</string>
		</dict>
		<key>E51006071CB710B700AC66A5</key>
		<dict>
			<key>children</key>
			<array>
				<string>E51006081CB710B700AC66A5</string>
				<string>E51006091CB710B700AC66A5</string>
				<string>E510060A1CB710B700AC66A5</string>
				<string>E510060B1CB710B700AC66A5</string>
				<string>E510060C1CB710B700AC66A5</string>
				<string>E510060D1CB710B700AC66A5</string>
				<string>E510060E1CB710B700AC66A5</string>
			</array>
			<key>isa</key>
			<string>PBXGroup</string>
			<key>path</key>
			<string>Streamables</string>
			<key>sourceTree</key>
			<string>&lt;group&gt;</string>
		</dict>
		<key>E51006081CB710B700AC66A5</key>
		<dict>
			<key>children</key>
			<array>
				<string>E5A4F11D1CE2120D005CF12C</string>
				<string>E5A4F1341CE33665005CF12C</string>
				<string>E5DAA8891CE35EB4000CB2F4</string>
				<string>E5DAA88B1CE35F73000CB2F4</string>
			</array>
			<key>isa</key>
			<string>PBXGroup</string>
			<key>path</key>
			<string>Comments</string>
			<key>sourceTree</key>
			<string>&lt;group&gt;</string>
		</dict>
		<key>E51006091CB710B700AC66A5</key>
		<dict>
			<key>children</key>
			<array>
				<string>E52DC74B1CE55A6400375828</string>
			</array>
			<key>isa</key>
			<string>PBXGroup</string>
			<key>path</key>
			<string>Flag</string>
			<key>sourceTree</key>
			<string>&lt;group&gt;</string>
		</dict>
		<key>E510060A1CB710B700AC66A5</key>
		<dict>
			<key>children</key>
			<array>
				<string>E52DC74D1CE55B1800375828</string>
			</array>
			<key>isa</key>
			<string>PBXGroup</string>
			<key>path</key>
			<string>Get streamable</string>
			<key>sourceTree</key>
			<string>&lt;group&gt;</string>
		</dict>
		<key>E510060B1CB710B700AC66A5</key>
		<dict>
			<key>children</key>
			<array>
				<string>E5A4F11B1CE20AA5005CF12C</string>
				<string>E5DAA8A11CE39AB1000CB2F4</string>
				<string>E5DAA8A31CE39B5D000CB2F4</string>
			</array>
			<key>isa</key>
			<string>PBXGroup</string>
			<key>path</key>
			<string>Likes</string>
			<key>sourceTree</key>
			<string>&lt;group&gt;</string>
		</dict>
		<key>E510060C1CB710B700AC66A5</key>
		<dict>
			<key>children</key>
			<array>
				<string>E510067B1CB7F0AC00AC66A5</string>
			</array>
			<key>isa</key>
			<string>PBXGroup</string>
			<key>path</key>
			<string>Newest</string>
			<key>sourceTree</key>
			<string>&lt;group&gt;</string>
		</dict>
		<key>E510060D1CB710B700AC66A5</key>
		<dict>
			<key>children</key>
			<array>
				<string>E51006731CB7E8A300AC66A5</string>
			</array>
			<key>isa</key>
			<string>PBXGroup</string>
			<key>path</key>
			<string>Popular</string>
			<key>sourceTree</key>
			<string>&lt;group&gt;</string>
		</dict>
		<key>E510060E1CB710B700AC66A5</key>
		<dict>
			<key>children</key>
			<array>
				<string>E51006891CB8053F00AC66A5</string>
				<string>E51006ED1CBD16D100AC66A5</string>
				<string>E5DAA88D1CE3772D000CB2F4</string>
			</array>
			<key>isa</key>
			<string>PBXGroup</string>
			<key>path</key>
			<string>Search</string>
			<key>sourceTree</key>
			<string>&lt;group&gt;</string>
		</dict>
		<key>E510060F1CB710B700AC66A5</key>
		<dict>
			<key>children</key>
			<array>
				<string>E51006101CB710B700AC66A5</string>
				<string>E51006111CB710B700AC66A5</string>
				<string>E51006121CB710B700AC66A5</string>
				<string>E51006161CB710B700AC66A5</string>
				<string>E51006171CB710B700AC66A5</string>
				<string>E51006191CB710B700AC66A5</string>
				<string>E510061C1CB710B700AC66A5</string>
				<string>E510061D1CB710B700AC66A5</string>
			</array>
			<key>isa</key>
			<string>PBXGroup</string>
			<key>path</key>
			<string>User</string>
			<key>sourceTree</key>
			<string>&lt;group&gt;</string>
		</dict>
		<key>E51006101CB710B700AC66A5</key>
		<dict>
			<key>children</key>
			<array>
				<string>E5DAA8A51CE3A29E000CB2F4</string>
				<string>E5DAA8A71CE3A334000CB2F4</string>
				<string>E52DC74F1CE55BF700375828</string>
				<string>E52DC7511CE55C7400375828</string>
			</array>
			<key>isa</key>
			<string>PBXGroup</string>
			<key>path</key>
			<string>Followers</string>
			<key>sourceTree</key>
			<string>&lt;group&gt;</string>
		</dict>
		<key>E51006111CB710B700AC66A5</key>
		<dict>
			<key>children</key>
			<array>
				<string>E52DC7531CE55D4400375828</string>
			</array>
			<key>isa</key>
			<string>PBXGroup</string>
			<key>path</key>
			<string>Likes</string>
			<key>sourceTree</key>
			<string>&lt;group&gt;</string>
		</dict>
		<key>E51006121CB710B700AC66A5</key>
		<dict>
			<key>children</key>
			<array>
				<string>E51006131CB710B700AC66A5</string>
				<string>E51006141CB710B700AC66A5</string>
				<string>E51006151CB710B700AC66A5</string>
				<string>E51007161CBD5DB200AC66A5</string>
			</array>
			<key>isa</key>
			<string>PBXGroup</string>
			<key>path</key>
			<string>Login</string>
			<key>sourceTree</key>
			<string>&lt;group&gt;</string>
		</dict>
		<key>E51006131CB710B700AC66A5</key>
		<dict>
			<key>fileEncoding</key>
			<string>4</string>
			<key>isa</key>
			<string>PBXFileReference</string>
			<key>lastKnownFileType</key>
			<string>sourcecode.swift</string>
			<key>path</key>
			<string>GTLoginTask.swift</string>
			<key>sourceTree</key>
			<string>&lt;group&gt;</string>
		</dict>
		<key>E51006141CB710B700AC66A5</key>
		<dict>
			<key>fileEncoding</key>
			<string>4</string>
			<key>isa</key>
			<string>PBXFileReference</string>
			<key>lastKnownFileType</key>
			<string>sourcecode.swift</string>
			<key>path</key>
			<string>GTLoginWithExternalProviderTask.swift</string>
			<key>sourceTree</key>
			<string>&lt;group&gt;</string>
		</dict>
		<key>E51006151CB710B700AC66A5</key>
		<dict>
			<key>fileEncoding</key>
			<string>4</string>
			<key>isa</key>
			<string>PBXFileReference</string>
			<key>lastKnownFileType</key>
			<string>sourcecode.swift</string>
			<key>path</key>
			<string>GTResetPasswordTask.swift</string>
			<key>sourceTree</key>
			<string>&lt;group&gt;</string>
		</dict>
		<key>E51006161CB710B700AC66A5</key>
		<dict>
			<key>children</key>
			<array>
				<string>E51007041CBD1FC300AC66A5</string>
			</array>
			<key>isa</key>
			<string>PBXGroup</string>
			<key>path</key>
			<string>Most active</string>
			<key>sourceTree</key>
			<string>&lt;group&gt;</string>
		</dict>
		<key>E51006171CB710B700AC66A5</key>
		<dict>
			<key>children</key>
			<array>
				<string>E5DAA8BA1CE4A77F000CB2F4</string>
				<string>E5DAA8BC1CE4A858000CB2F4</string>
				<string>E52DC73A1CE54F0E00375828</string>
				<string>E52DC73C1CE5502E00375828</string>
			</array>
			<key>isa</key>
			<string>PBXGroup</string>
			<key>path</key>
			<string>Profile</string>
			<key>sourceTree</key>
			<string>&lt;group&gt;</string>
		</dict>
		<key>E51006191CB710B700AC66A5</key>
		<dict>
			<key>children</key>
			<array>
				<string>E510061A1CB710B700AC66A5</string>
				<string>E510061B1CB710B700AC66A5</string>
			</array>
			<key>isa</key>
			<string>PBXGroup</string>
			<key>path</key>
			<string>Register</string>
			<key>sourceTree</key>
			<string>&lt;group&gt;</string>
		</dict>
		<key>E510061A1CB710B700AC66A5</key>
		<dict>
			<key>fileEncoding</key>
			<string>4</string>
			<key>isa</key>
			<string>PBXFileReference</string>
			<key>lastKnownFileType</key>
			<string>sourcecode.swift</string>
			<key>path</key>
			<string>GTRegisterTask.swift</string>
			<key>sourceTree</key>
			<string>&lt;group&gt;</string>
		</dict>
		<key>E510061B1CB710B700AC66A5</key>
		<dict>
			<key>fileEncoding</key>
			<string>4</string>
			<key>isa</key>
			<string>PBXFileReference</string>
			<key>lastKnownFileType</key>
			<string>sourcecode.swift</string>
			<key>path</key>
			<string>GTRegisterWithExternalProviderTask.swift</string>
			<key>sourceTree</key>
			<string>&lt;group&gt;</string>
		</dict>
		<key>E510061C1CB710B700AC66A5</key>
		<dict>
			<key>children</key>
			<array>
				<string>E51006EB1CBD156C00AC66A5</string>
			</array>
			<key>isa</key>
			<string>PBXGroup</string>
			<key>path</key>
			<string>Search</string>
			<key>sourceTree</key>
			<string>&lt;group&gt;</string>
		</dict>
		<key>E510061D1CB710B700AC66A5</key>
		<dict>
			<key>children</key>
			<array>
				<string>E558A89D1CBFB92400C2F9B1</string>
				<string>E5F40CFC1D4FB54800832D92</string>
			</array>
			<key>isa</key>
			<string>PBXGroup</string>
			<key>path</key>
			<string>Streamables</string>
			<key>sourceTree</key>
			<string>&lt;group&gt;</string>
		</dict>
		<key>E510061E1CB710B700AC66A5</key>
		<dict>
			<key>fileRef</key>
			<string>E51005FA1CB710B700AC66A5</string>
			<key>isa</key>
			<string>PBXBuildFile</string>
		</dict>
		<key>E510061F1CB710B700AC66A5</key>
		<dict>
			<key>fileRef</key>
			<string>E51005FC1CB710B700AC66A5</string>
			<key>isa</key>
			<string>PBXBuildFile</string>
		</dict>
		<key>E51006201CB710B700AC66A5</key>
		<dict>
			<key>fileRef</key>
			<string>E51006131CB710B700AC66A5</string>
			<key>isa</key>
			<string>PBXBuildFile</string>
		</dict>
		<key>E51006211CB710B700AC66A5</key>
		<dict>
			<key>fileRef</key>
			<string>E51006141CB710B700AC66A5</string>
			<key>isa</key>
			<string>PBXBuildFile</string>
		</dict>
		<key>E51006221CB710B700AC66A5</key>
		<dict>
			<key>fileRef</key>
			<string>E51006151CB710B700AC66A5</string>
			<key>isa</key>
			<string>PBXBuildFile</string>
		</dict>
		<key>E51006241CB710B700AC66A5</key>
		<dict>
			<key>fileRef</key>
			<string>E510061A1CB710B700AC66A5</string>
			<key>isa</key>
			<string>PBXBuildFile</string>
		</dict>
		<key>E51006251CB710B700AC66A5</key>
		<dict>
			<key>fileRef</key>
			<string>E510061B1CB710B700AC66A5</string>
			<key>isa</key>
			<string>PBXBuildFile</string>
		</dict>
		<key>E51006261CB7116A00AC66A5</key>
		<dict>
			<key>fileEncoding</key>
			<string>4</string>
			<key>isa</key>
			<string>PBXFileReference</string>
			<key>lastKnownFileType</key>
			<string>sourcecode.swift</string>
			<key>path</key>
			<string>GTGetFeedTask.swift</string>
			<key>sourceTree</key>
			<string>&lt;group&gt;</string>
		</dict>
		<key>E51006271CB7116A00AC66A5</key>
		<dict>
			<key>fileRef</key>
			<string>E51006261CB7116A00AC66A5</string>
			<key>isa</key>
			<string>PBXBuildFile</string>
		</dict>
		<key>E51006281CB713EB00AC66A5</key>
		<dict>
			<key>fileEncoding</key>
			<string>4</string>
			<key>isa</key>
			<string>PBXFileReference</string>
			<key>lastKnownFileType</key>
			<string>sourcecode.swift</string>
			<key>path</key>
			<string>GTListItemsResult.swift</string>
			<key>sourceTree</key>
			<string>&lt;group&gt;</string>
		</dict>
		<key>E51006291CB713EB00AC66A5</key>
		<dict>
			<key>fileRef</key>
			<string>E51006281CB713EB00AC66A5</string>
			<key>isa</key>
			<string>PBXBuildFile</string>
		</dict>
		<key>E510062A1CB7173700AC66A5</key>
		<dict>
			<key>fileEncoding</key>
			<string>4</string>
			<key>isa</key>
			<string>PBXFileReference</string>
			<key>lastKnownFileType</key>
			<string>sourcecode.swift</string>
			<key>path</key>
			<string>GTStreamable.swift</string>
			<key>sourceTree</key>
			<string>&lt;group&gt;</string>
		</dict>
		<key>E510062B1CB7173700AC66A5</key>
		<dict>
			<key>fileRef</key>
			<string>E510062A1CB7173700AC66A5</string>
			<key>isa</key>
			<string>PBXBuildFile</string>
		</dict>
		<key>E51006461CB726F200AC66A5</key>
		<dict>
			<key>fileEncoding</key>
			<string>4</string>
			<key>isa</key>
			<string>PBXFileReference</string>
			<key>lastKnownFileType</key>
			<string>sourcecode.swift</string>
			<key>path</key>
			<string>GTGetMeTask.swift</string>
			<key>sourceTree</key>
			<string>&lt;group&gt;</string>
		</dict>
		<key>E51006471CB726F200AC66A5</key>
		<dict>
			<key>fileRef</key>
			<string>E51006461CB726F200AC66A5</string>
			<key>isa</key>
			<string>PBXBuildFile</string>
		</dict>
		<key>E51006731CB7E8A300AC66A5</key>
		<dict>
			<key>fileEncoding</key>
			<string>4</string>
			<key>isa</key>
			<string>PBXFileReference</string>
			<key>lastKnownFileType</key>
			<string>sourcecode.swift</string>
			<key>path</key>
			<string>GTGetPopularTask.swift</string>
			<key>sourceTree</key>
			<string>&lt;group&gt;</string>
		</dict>
		<key>E51006741CB7E8A300AC66A5</key>
		<dict>
			<key>fileRef</key>
			<string>E51006731CB7E8A300AC66A5</string>
			<key>isa</key>
			<string>PBXBuildFile</string>
		</dict>
		<key>E510067B1CB7F0AC00AC66A5</key>
		<dict>
			<key>fileEncoding</key>
			<string>4</string>
			<key>isa</key>
			<string>PBXFileReference</string>
			<key>lastKnownFileType</key>
			<string>sourcecode.swift</string>
			<key>path</key>
			<string>GTGetNewestTask.swift</string>
			<key>sourceTree</key>
			<string>&lt;group&gt;</string>
		</dict>
		<key>E510067C1CB7F0AC00AC66A5</key>
		<dict>
			<key>fileRef</key>
			<string>E510067B1CB7F0AC00AC66A5</string>
			<key>isa</key>
			<string>PBXBuildFile</string>
		</dict>
		<key>E51006891CB8053F00AC66A5</key>
		<dict>
			<key>fileEncoding</key>
			<string>4</string>
			<key>isa</key>
			<string>PBXFileReference</string>
			<key>lastKnownFileType</key>
			<string>sourcecode.swift</string>
			<key>path</key>
			<string>GTSearchStreamablesForLocationTask.swift</string>
			<key>sourceTree</key>
			<string>&lt;group&gt;</string>
		</dict>
		<key>E510068A1CB8053F00AC66A5</key>
		<dict>
			<key>fileRef</key>
			<string>E51006891CB8053F00AC66A5</string>
			<key>isa</key>
			<string>PBXBuildFile</string>
		</dict>
		<key>E51006951CBBA9BD00AC66A5</key>
		<dict>
			<key>fileEncoding</key>
			<string>4</string>
			<key>isa</key>
			<string>PBXFileReference</string>
			<key>lastKnownFileType</key>
			<string>sourcecode.swift</string>
			<key>path</key>
			<string>GTGetNotificationsTask.swift</string>
			<key>sourceTree</key>
			<string>&lt;group&gt;</string>
		</dict>
		<key>E51006961CBBA9BD00AC66A5</key>
		<dict>
			<key>fileRef</key>
			<string>E51006951CBBA9BD00AC66A5</string>
			<key>isa</key>
			<string>PBXBuildFile</string>
		</dict>
		<key>E51006971CBBAA4C00AC66A5</key>
		<dict>
			<key>fileEncoding</key>
			<string>4</string>
			<key>isa</key>
			<string>PBXFileReference</string>
			<key>lastKnownFileType</key>
			<string>sourcecode.swift</string>
			<key>path</key>
			<string>GTNotification.swift</string>
			<key>sourceTree</key>
			<string>&lt;group&gt;</string>
		</dict>
		<key>E51006981CBBAA4C00AC66A5</key>
		<dict>
			<key>fileRef</key>
			<string>E51006971CBBAA4C00AC66A5</string>
			<key>isa</key>
			<string>PBXBuildFile</string>
		</dict>
		<key>E51006991CBBAB6F00AC66A5</key>
		<dict>
			<key>fileEncoding</key>
			<string>4</string>
			<key>isa</key>
			<string>PBXFileReference</string>
			<key>lastKnownFileType</key>
			<string>sourcecode.swift</string>
			<key>path</key>
			<string>GTComment.swift</string>
			<key>sourceTree</key>
			<string>&lt;group&gt;</string>
		</dict>
		<key>E510069A1CBBAB6F00AC66A5</key>
		<dict>
			<key>fileRef</key>
			<string>E51006991CBBAB6F00AC66A5</string>
			<key>isa</key>
			<string>PBXBuildFile</string>
		</dict>
		<key>E51006AE1CBBFC6F00AC66A5</key>
		<dict>
			<key>children</key>
			<array>
				<string>E51006AF1CBBFC8600AC66A5</string>
				<string>E51006B11CBBFC9A00AC66A5</string>
			</array>
			<key>isa</key>
			<string>PBXGroup</string>
			<key>path</key>
			<string>Activity</string>
			<key>sourceTree</key>
			<string>&lt;group&gt;</string>
		</dict>
		<key>E51006AF1CBBFC8600AC66A5</key>
		<dict>
			<key>fileEncoding</key>
			<string>4</string>
			<key>isa</key>
			<string>PBXFileReference</string>
			<key>lastKnownFileType</key>
			<string>sourcecode.swift</string>
			<key>path</key>
			<string>GTActivityContainer.swift</string>
			<key>sourceTree</key>
			<string>&lt;group&gt;</string>
		</dict>
		<key>E51006B01CBBFC8600AC66A5</key>
		<dict>
			<key>fileRef</key>
			<string>E51006AF1CBBFC8600AC66A5</string>
			<key>isa</key>
			<string>PBXBuildFile</string>
		</dict>
		<key>E51006B11CBBFC9A00AC66A5</key>
		<dict>
			<key>fileEncoding</key>
			<string>4</string>
			<key>isa</key>
			<string>PBXFileReference</string>
			<key>lastKnownFileType</key>
			<string>sourcecode.swift</string>
			<key>path</key>
			<string>GTActivity.swift</string>
			<key>sourceTree</key>
			<string>&lt;group&gt;</string>
		</dict>
		<key>E51006B21CBBFC9A00AC66A5</key>
		<dict>
			<key>fileRef</key>
			<string>E51006B11CBBFC9A00AC66A5</string>
			<key>isa</key>
			<string>PBXBuildFile</string>
		</dict>
		<key>E51006B31CBBFE3B00AC66A5</key>
		<dict>
			<key>fileEncoding</key>
			<string>4</string>
			<key>isa</key>
			<string>PBXFileReference</string>
			<key>lastKnownFileType</key>
			<string>sourcecode.swift</string>
			<key>path</key>
			<string>GTGetFollowersActivityTask.swift</string>
			<key>sourceTree</key>
			<string>&lt;group&gt;</string>
		</dict>
		<key>E51006B41CBBFE3B00AC66A5</key>
		<dict>
			<key>fileRef</key>
			<string>E51006B31CBBFE3B00AC66A5</string>
			<key>isa</key>
			<string>PBXBuildFile</string>
		</dict>
		<key>E51006EB1CBD156C00AC66A5</key>
		<dict>
			<key>fileEncoding</key>
			<string>4</string>
			<key>isa</key>
			<string>PBXFileReference</string>
			<key>lastKnownFileType</key>
			<string>sourcecode.swift</string>
			<key>path</key>
			<string>GTSearchUsersTask.swift</string>
			<key>sourceTree</key>
			<string>&lt;group&gt;</string>
		</dict>
		<key>E51006EC1CBD156C00AC66A5</key>
		<dict>
			<key>fileRef</key>
			<string>E51006EB1CBD156C00AC66A5</string>
			<key>isa</key>
			<string>PBXBuildFile</string>
		</dict>
		<key>E51006ED1CBD16D100AC66A5</key>
		<dict>
			<key>fileEncoding</key>
			<string>4</string>
			<key>isa</key>
			<string>PBXFileReference</string>
			<key>lastKnownFileType</key>
			<string>sourcecode.swift</string>
			<key>path</key>
			<string>GTSearchStreamablesForHashtagTask.swift</string>
			<key>sourceTree</key>
			<string>&lt;group&gt;</string>
		</dict>
		<key>E51006EE1CBD16D100AC66A5</key>
		<dict>
			<key>fileRef</key>
			<string>E51006ED1CBD16D100AC66A5</string>
			<key>isa</key>
			<string>PBXBuildFile</string>
		</dict>
		<key>E51007041CBD1FC300AC66A5</key>
		<dict>
			<key>fileEncoding</key>
			<string>4</string>
			<key>isa</key>
			<string>PBXFileReference</string>
			<key>lastKnownFileType</key>
			<string>sourcecode.swift</string>
			<key>path</key>
			<string>GTGetMostActiveUsersTask.swift</string>
			<key>sourceTree</key>
			<string>&lt;group&gt;</string>
		</dict>
		<key>E51007051CBD1FC300AC66A5</key>
		<dict>
			<key>fileRef</key>
			<string>E51007041CBD1FC300AC66A5</string>
			<key>isa</key>
			<string>PBXBuildFile</string>
		</dict>
		<key>E510070A1CBD3FD800AC66A5</key>
		<dict>
			<key>fileEncoding</key>
			<string>4</string>
			<key>isa</key>
			<string>PBXFileReference</string>
			<key>lastKnownFileType</key>
			<string>sourcecode.swift</string>
			<key>path</key>
			<string>GTGetUnseenNotificationsCountTask.swift</string>
			<key>sourceTree</key>
			<string>&lt;group&gt;</string>
		</dict>
		<key>E510070B1CBD3FD800AC66A5</key>
		<dict>
			<key>fileRef</key>
			<string>E510070A1CBD3FD800AC66A5</string>
			<key>isa</key>
			<string>PBXBuildFile</string>
		</dict>
		<key>E51007161CBD5DB200AC66A5</key>
		<dict>
			<key>fileEncoding</key>
			<string>4</string>
			<key>isa</key>
			<string>PBXFileReference</string>
			<key>lastKnownFileType</key>
			<string>sourcecode.swift</string>
			<key>path</key>
			<string>GTLogoutTask.swift</string>
			<key>sourceTree</key>
			<string>&lt;group&gt;</string>
		</dict>
		<key>E51007171CBD5DB200AC66A5</key>
		<dict>
			<key>fileRef</key>
			<string>E51007161CBD5DB200AC66A5</string>
			<key>isa</key>
			<string>PBXBuildFile</string>
		</dict>
		<key>E510071B1CBDB79300AC66A5</key>
		<dict>
			<key>fileEncoding</key>
			<string>4</string>
			<key>isa</key>
			<string>PBXFileReference</string>
			<key>lastKnownFileType</key>
			<string>sourcecode.swift</string>
			<key>path</key>
			<string>GTSendFeedbackTask.swift</string>
			<key>sourceTree</key>
			<string>&lt;group&gt;</string>
		</dict>
		<key>E510071C1CBDB79300AC66A5</key>
		<dict>
			<key>fileRef</key>
			<string>E510071B1CBDB79300AC66A5</string>
			<key>isa</key>
			<string>PBXBuildFile</string>
		</dict>
		<key>E51007231CBE461E00AC66A5</key>
		<dict>
			<key>fileEncoding</key>
			<string>4</string>
			<key>isa</key>
			<string>PBXFileReference</string>
			<key>lastKnownFileType</key>
			<string>sourcecode.swift</string>
			<key>path</key>
			<string>GTEditPasswordTask.swift</string>
			<key>sourceTree</key>
			<string>&lt;group&gt;</string>
		</dict>
		<key>E51007241CBE461E00AC66A5</key>
		<dict>
			<key>fileRef</key>
			<string>E51007231CBE461E00AC66A5</string>
			<key>isa</key>
			<string>PBXBuildFile</string>
		</dict>
		<key>E510072D1CBE6C0C00AC66A5</key>
		<dict>
			<key>fileEncoding</key>
			<string>4</string>
			<key>isa</key>
			<string>PBXFileReference</string>
			<key>lastKnownFileType</key>
			<string>sourcecode.swift</string>
			<key>path</key>
			<string>GTDeleteAvatarTask.swift</string>
			<key>sourceTree</key>
			<string>&lt;group&gt;</string>
		</dict>
		<key>E510072E1CBE6C0C00AC66A5</key>
		<dict>
			<key>fileRef</key>
			<string>E510072D1CBE6C0C00AC66A5</string>
			<key>isa</key>
			<string>PBXBuildFile</string>
		</dict>
		<key>E510072F1CBE6CA700AC66A5</key>
		<dict>
			<key>fileEncoding</key>
			<string>4</string>
			<key>isa</key>
			<string>PBXFileReference</string>
			<key>lastKnownFileType</key>
			<string>sourcecode.swift</string>
			<key>path</key>
			<string>GTDeleteCoverTask.swift</string>
			<key>sourceTree</key>
			<string>&lt;group&gt;</string>
		</dict>
		<key>E51007301CBE6CA700AC66A5</key>
		<dict>
			<key>fileRef</key>
			<string>E510072F1CBE6CA700AC66A5</string>
			<key>isa</key>
			<string>PBXBuildFile</string>
		</dict>
		<key>E51007311CBE714E00AC66A5</key>
		<dict>
			<key>fileEncoding</key>
			<string>4</string>
			<key>isa</key>
			<string>PBXFileReference</string>
			<key>lastKnownFileType</key>
			<string>sourcecode.swift</string>
			<key>path</key>
			<string>GTEditAvatarTask.swift</string>
			<key>sourceTree</key>
			<string>&lt;group&gt;</string>
		</dict>
		<key>E51007321CBE714E00AC66A5</key>
		<dict>
			<key>fileRef</key>
			<string>E51007311CBE714E00AC66A5</string>
			<key>isa</key>
			<string>PBXBuildFile</string>
		</dict>
		<key>E51007331CBE7EE500AC66A5</key>
		<dict>
			<key>fileEncoding</key>
			<string>4</string>
			<key>isa</key>
			<string>PBXFileReference</string>
			<key>lastKnownFileType</key>
			<string>sourcecode.swift</string>
			<key>path</key>
			<string>GTEditCoverTask.swift</string>
			<key>sourceTree</key>
			<string>&lt;group&gt;</string>
		</dict>
		<key>E51007341CBE7EE500AC66A5</key>
		<dict>
			<key>fileRef</key>
			<string>E51007331CBE7EE500AC66A5</string>
			<key>isa</key>
			<string>PBXBuildFile</string>
		</dict>
		<key>E51007351CBE82A700AC66A5</key>
		<dict>
			<key>fileEncoding</key>
			<string>4</string>
			<key>isa</key>
			<string>PBXFileReference</string>
			<key>lastKnownFileType</key>
			<string>sourcecode.swift</string>
			<key>path</key>
			<string>GTEditProfileTask.swift</string>
			<key>sourceTree</key>
			<string>&lt;group&gt;</string>
		</dict>
		<key>E51007361CBE82A700AC66A5</key>
		<dict>
			<key>fileRef</key>
			<string>E51007351CBE82A700AC66A5</string>
			<key>isa</key>
			<string>PBXBuildFile</string>
		</dict>
		<key>E52DC73A1CE54F0E00375828</key>
		<dict>
			<key>fileEncoding</key>
			<string>4</string>
			<key>isa</key>
			<string>PBXFileReference</string>
			<key>lastKnownFileType</key>
			<string>sourcecode.swift</string>
			<key>path</key>
			<string>GTGetUserProfileByUsernameTask.swift</string>
			<key>sourceTree</key>
			<string>&lt;group&gt;</string>
		</dict>
		<key>E52DC73B1CE54F0E00375828</key>
		<dict>
			<key>fileRef</key>
			<string>E52DC73A1CE54F0E00375828</string>
			<key>isa</key>
			<string>PBXBuildFile</string>
		</dict>
		<key>E52DC73C1CE5502E00375828</key>
		<dict>
			<key>fileEncoding</key>
			<string>4</string>
			<key>isa</key>
			<string>PBXFileReference</string>
			<key>lastKnownFileType</key>
			<string>sourcecode.swift</string>
			<key>path</key>
			<string>GTGetUserFullProfileByUsernameTask.swift</string>
			<key>sourceTree</key>
			<string>&lt;group&gt;</string>
		</dict>
		<key>E52DC73D1CE5502E00375828</key>
		<dict>
			<key>fileRef</key>
			<string>E52DC73C1CE5502E00375828</string>
			<key>isa</key>
			<string>PBXBuildFile</string>
		</dict>
		<key>E52DC7411CE5550A00375828</key>
		<dict>
			<key>fileEncoding</key>
			<string>4</string>
			<key>isa</key>
			<string>PBXFileReference</string>
			<key>lastKnownFileType</key>
			<string>sourcecode.swift</string>
			<key>path</key>
			<string>GTLinkExternalProviderTask.swift</string>
			<key>sourceTree</key>
			<string>&lt;group&gt;</string>
		</dict>
		<key>E52DC7421CE5550A00375828</key>
		<dict>
			<key>fileRef</key>
			<string>E52DC7411CE5550A00375828</string>
			<key>isa</key>
			<string>PBXBuildFile</string>
		</dict>
		<key>E52DC7431CE555D700375828</key>
		<dict>
			<key>fileEncoding</key>
			<string>4</string>
			<key>isa</key>
			<string>PBXFileReference</string>
			<key>lastKnownFileType</key>
			<string>sourcecode.swift</string>
			<key>path</key>
			<string>GTUnlinkExternalProfiverTask.swift</string>
			<key>sourceTree</key>
			<string>&lt;group&gt;</string>
		</dict>
		<key>E52DC7441CE555D700375828</key>
		<dict>
			<key>fileRef</key>
			<string>E52DC7431CE555D700375828</string>
			<key>isa</key>
			<string>PBXBuildFile</string>
		</dict>
		<key>E52DC7451CE557C500375828</key>
		<dict>
			<key>fileEncoding</key>
			<string>4</string>
			<key>isa</key>
			<string>PBXFileReference</string>
			<key>lastKnownFileType</key>
			<string>sourcecode.swift</string>
			<key>path</key>
			<string>GTGetPrivateStreamablesTask.swift</string>
			<key>sourceTree</key>
			<string>&lt;group&gt;</string>
		</dict>
		<key>E52DC7461CE557C500375828</key>
		<dict>
			<key>fileRef</key>
			<string>E52DC7451CE557C500375828</string>
			<key>isa</key>
			<string>PBXBuildFile</string>
		</dict>
		<key>E52DC7471CE558BD00375828</key>
		<dict>
			<key>fileEncoding</key>
			<string>4</string>
			<key>isa</key>
			<string>PBXFileReference</string>
			<key>lastKnownFileType</key>
			<string>sourcecode.swift</string>
			<key>path</key>
			<string>GTMarkStreamablePrivateTask.swift</string>
			<key>sourceTree</key>
			<string>&lt;group&gt;</string>
		</dict>
		<key>E52DC7481CE558BD00375828</key>
		<dict>
			<key>fileRef</key>
			<string>E52DC7471CE558BD00375828</string>
			<key>isa</key>
			<string>PBXBuildFile</string>
		</dict>
		<key>E52DC7491CE5595F00375828</key>
		<dict>
			<key>fileEncoding</key>
			<string>4</string>
			<key>isa</key>
			<string>PBXFileReference</string>
			<key>lastKnownFileType</key>
			<string>sourcecode.swift</string>
			<key>path</key>
			<string>GTMarkStreamablePublicTask.swift</string>
			<key>sourceTree</key>
			<string>&lt;group&gt;</string>
		</dict>
		<key>E52DC74A1CE5595F00375828</key>
		<dict>
			<key>fileRef</key>
			<string>E52DC7491CE5595F00375828</string>
			<key>isa</key>
			<string>PBXBuildFile</string>
		</dict>
		<key>E52DC74B1CE55A6400375828</key>
		<dict>
			<key>fileEncoding</key>
			<string>4</string>
			<key>isa</key>
			<string>PBXFileReference</string>
			<key>lastKnownFileType</key>
			<string>sourcecode.swift</string>
			<key>path</key>
			<string>GTFlagStreamableTask.swift</string>
			<key>sourceTree</key>
			<string>&lt;group&gt;</string>
		</dict>
		<key>E52DC74C1CE55A6400375828</key>
		<dict>
			<key>fileRef</key>
			<string>E52DC74B1CE55A6400375828</string>
			<key>isa</key>
			<string>PBXBuildFile</string>
		</dict>
		<key>E52DC74D1CE55B1800375828</key>
		<dict>
			<key>fileEncoding</key>
			<string>4</string>
			<key>isa</key>
			<string>PBXFileReference</string>
			<key>lastKnownFileType</key>
			<string>sourcecode.swift</string>
			<key>path</key>
			<string>GTGetStreamableTask.swift</string>
			<key>sourceTree</key>
			<string>&lt;group&gt;</string>
		</dict>
		<key>E52DC74E1CE55B1800375828</key>
		<dict>
			<key>fileRef</key>
			<string>E52DC74D1CE55B1800375828</string>
			<key>isa</key>
			<string>PBXBuildFile</string>
		</dict>
		<key>E52DC74F1CE55BF700375828</key>
		<dict>
			<key>fileEncoding</key>
			<string>4</string>
			<key>isa</key>
			<string>PBXFileReference</string>
			<key>lastKnownFileType</key>
			<string>sourcecode.swift</string>
			<key>path</key>
			<string>GTGetFollowersTask.swift</string>
			<key>sourceTree</key>
			<string>&lt;group&gt;</string>
		</dict>
		<key>E52DC7501CE55BF700375828</key>
		<dict>
			<key>fileRef</key>
			<string>E52DC74F1CE55BF700375828</string>
			<key>isa</key>
			<string>PBXBuildFile</string>
		</dict>
		<key>E52DC7511CE55C7400375828</key>
		<dict>
			<key>fileEncoding</key>
			<string>4</string>
			<key>isa</key>
			<string>PBXFileReference</string>
			<key>lastKnownFileType</key>
			<string>sourcecode.swift</string>
			<key>path</key>
			<string>GTGetFollowingTask.swift</string>
			<key>sourceTree</key>
			<string>&lt;group&gt;</string>
		</dict>
		<key>E52DC7521CE55C7400375828</key>
		<dict>
			<key>fileRef</key>
			<string>E52DC7511CE55C7400375828</string>
			<key>isa</key>
			<string>PBXBuildFile</string>
		</dict>
		<key>E52DC7531CE55D4400375828</key>
		<dict>
			<key>fileEncoding</key>
			<string>4</string>
			<key>isa</key>
			<string>PBXFileReference</string>
			<key>lastKnownFileType</key>
			<string>sourcecode.swift</string>
			<key>path</key>
			<string>GTGetUserLikedStreamablesTask.swift</string>
			<key>sourceTree</key>
			<string>&lt;group&gt;</string>
		</dict>
		<key>E52DC7541CE55D4400375828</key>
		<dict>
			<key>fileRef</key>
			<string>E52DC7531CE55D4400375828</string>
			<key>isa</key>
			<string>PBXBuildFile</string>
		</dict>
		<key>E5544BF41D556F54002AA88A</key>
		<dict>
			<key>fileEncoding</key>
			<string>4</string>
			<key>isa</key>
			<string>PBXFileReference</string>
			<key>lastKnownFileType</key>
			<string>sourcecode.swift</string>
			<key>path</key>
			<string>UIImage+Alpha.swift</string>
			<key>sourceTree</key>
			<string>&lt;group&gt;</string>
		</dict>
		<key>E5544BF51D556F54002AA88A</key>
		<dict>
			<key>fileRef</key>
			<string>E5544BF41D556F54002AA88A</string>
			<key>isa</key>
			<string>PBXBuildFile</string>
		</dict>
		<key>E55452CA1CF28D590076CEC9</key>
		<dict>
			<key>fileEncoding</key>
			<string>4</string>
			<key>isa</key>
			<string>PBXFileReference</string>
			<key>lastKnownFileType</key>
			<string>sourcecode.swift</string>
			<key>path</key>
			<string>GTDeleteStreamableTask.swift</string>
			<key>sourceTree</key>
			<string>&lt;group&gt;</string>
		</dict>
		<key>E55452CB1CF28D590076CEC9</key>
		<dict>
			<key>fileRef</key>
			<string>E55452CA1CF28D590076CEC9</string>
			<key>isa</key>
			<string>PBXBuildFile</string>
		</dict>
		<key>E55452CC1CF298DE0076CEC9</key>
		<dict>
			<key>fileEncoding</key>
			<string>4</string>
			<key>isa</key>
			<string>PBXFileReference</string>
			<key>lastKnownFileType</key>
			<string>sourcecode.swift</string>
			<key>path</key>
			<string>GTEditStreamableGraffitiTask.swift</string>
			<key>sourceTree</key>
			<string>&lt;group&gt;</string>
		</dict>
		<key>E55452CD1CF298DE0076CEC9</key>
		<dict>
			<key>fileRef</key>
			<string>E55452CC1CF298DE0076CEC9</string>
			<key>isa</key>
			<string>PBXBuildFile</string>
		</dict>
		<key>E55452D71CF316C50076CEC9</key>
		<dict>
			<key>fileEncoding</key>
			<string>4</string>
			<key>isa</key>
			<string>PBXFileReference</string>
			<key>lastKnownFileType</key>
			<string>sourcecode.swift</string>
			<key>path</key>
			<string>GTLocation.swift</string>
			<key>sourceTree</key>
			<string>&lt;group&gt;</string>
		</dict>
		<key>E55452D81CF316C50076CEC9</key>
		<dict>
			<key>fileRef</key>
			<string>E55452D71CF316C50076CEC9</string>
			<key>isa</key>
			<string>PBXBuildFile</string>
		</dict>
		<key>E55452D91CF317420076CEC9</key>
		<dict>
			<key>fileEncoding</key>
			<string>4</string>
			<key>isa</key>
			<string>PBXFileReference</string>
			<key>lastKnownFileType</key>
			<string>sourcecode.swift</string>
			<key>path</key>
			<string>GTCreateLocationTask.swift</string>
			<key>sourceTree</key>
			<string>&lt;group&gt;</string>
		</dict>
		<key>E55452DA1CF317420076CEC9</key>
		<dict>
			<key>fileRef</key>
			<string>E55452D91CF317420076CEC9</string>
			<key>isa</key>
			<string>PBXBuildFile</string>
		</dict>
		<key>E55452DB1CF31C5A0076CEC9</key>
		<dict>
			<key>fileEncoding</key>
			<string>4</string>
			<key>isa</key>
			<string>PBXFileReference</string>
			<key>lastKnownFileType</key>
			<string>sourcecode.swift</string>
			<key>path</key>
			<string>GTGetLocationsTask.swift</string>
			<key>sourceTree</key>
			<string>&lt;group&gt;</string>
		</dict>
		<key>E55452DC1CF31C5A0076CEC9</key>
		<dict>
			<key>fileRef</key>
			<string>E55452DB1CF31C5A0076CEC9</string>
			<key>isa</key>
			<string>PBXBuildFile</string>
		</dict>
		<key>E55452DD1CF324990076CEC9</key>
		<dict>
			<key>fileEncoding</key>
			<string>4</string>
			<key>isa</key>
			<string>PBXFileReference</string>
			<key>lastKnownFileType</key>
			<string>sourcecode.swift</string>
			<key>path</key>
			<string>GTDeleteLocationTask.swift</string>
			<key>sourceTree</key>
			<string>&lt;group&gt;</string>
		</dict>
		<key>E55452DE1CF324990076CEC9</key>
		<dict>
			<key>fileRef</key>
			<string>E55452DD1CF324990076CEC9</string>
			<key>isa</key>
			<string>PBXBuildFile</string>
		</dict>
		<key>E55452DF1CF325300076CEC9</key>
		<dict>
			<key>fileEncoding</key>
			<string>4</string>
			<key>isa</key>
			<string>PBXFileReference</string>
			<key>lastKnownFileType</key>
			<string>sourcecode.swift</string>
			<key>path</key>
			<string>GTEditLocationTask.swift</string>
			<key>sourceTree</key>
			<string>&lt;group&gt;</string>
		</dict>
		<key>E55452E01CF325300076CEC9</key>
		<dict>
			<key>fileRef</key>
			<string>E55452DF1CF325300076CEC9</string>
			<key>isa</key>
			<string>PBXBuildFile</string>
		</dict>
		<key>E558A89D1CBFB92400C2F9B1</key>
		<dict>
			<key>fileEncoding</key>
			<string>4</string>
			<key>isa</key>
			<string>PBXFileReference</string>
			<key>lastKnownFileType</key>
			<string>sourcecode.swift</string>
			<key>path</key>
			<string>GTGetUserStreamablesTask.swift</string>
			<key>sourceTree</key>
			<string>&lt;group&gt;</string>
		</dict>
		<key>E558A89E1CBFB92400C2F9B1</key>
		<dict>
			<key>fileRef</key>
			<string>E558A89D1CBFB92400C2F9B1</string>
			<key>isa</key>
			<string>PBXBuildFile</string>
		</dict>
		<key>E57822CB1D2D161B00AB383A</key>
		<dict>
			<key>children</key>
			<array>
				<string>E57822CC1D2D163800AB383A</string>
				<string>E57822CE1D2D188300AB383A</string>
				<string>E57822D01D2D1BCA00AB383A</string>
			</array>
			<key>isa</key>
			<string>PBXGroup</string>
			<key>path</key>
			<string>Config</string>
			<key>sourceTree</key>
			<string>&lt;group&gt;</string>
		</dict>
		<key>E57822CC1D2D163800AB383A</key>
		<dict>
			<key>fileEncoding</key>
			<string>4</string>
			<key>isa</key>
			<string>PBXFileReference</string>
			<key>lastKnownFileType</key>
			<string>sourcecode.swift</string>
			<key>path</key>
			<string>GTConfig.swift</string>
			<key>sourceTree</key>
			<string>&lt;group&gt;</string>
		</dict>
		<key>E57822CD1D2D163800AB383A</key>
		<dict>
			<key>fileRef</key>
			<string>E57822CC1D2D163800AB383A</string>
			<key>isa</key>
			<string>PBXBuildFile</string>
		</dict>
		<key>E57822CE1D2D188300AB383A</key>
		<dict>
			<key>fileEncoding</key>
			<string>4</string>
			<key>isa</key>
			<string>PBXFileReference</string>
			<key>lastKnownFileType</key>
			<string>sourcecode.swift</string>
			<key>path</key>
			<string>GTDefaultConfig.swift</string>
			<key>sourceTree</key>
			<string>&lt;group&gt;</string>
		</dict>
		<key>E57822CF1D2D188300AB383A</key>
		<dict>
			<key>fileRef</key>
			<string>E57822CE1D2D188300AB383A</string>
			<key>isa</key>
			<string>PBXBuildFile</string>
		</dict>
		<key>E57822D01D2D1BCA00AB383A</key>
		<dict>
			<key>fileEncoding</key>
			<string>4</string>
			<key>isa</key>
			<string>PBXFileReference</string>
			<key>lastKnownFileType</key>
			<string>sourcecode.swift</string>
			<key>path</key>
			<string>GTSDKConfig.swift</string>
			<key>sourceTree</key>
			<string>&lt;group&gt;</string>
		</dict>
		<key>E57822D11D2D1BCA00AB383A</key>
		<dict>
			<key>fileRef</key>
			<string>E57822D01D2D1BCA00AB383A</string>
			<key>isa</key>
			<string>PBXBuildFile</string>
		</dict>
		<key>E57822D21D2D1DE700AB383A</key>
		<dict>
			<key>children</key>
			<array>
				<string>E57822D31D2D1E2A00AB383A</string>
			</array>
			<key>isa</key>
			<string>PBXGroup</string>
			<key>path</key>
			<string>Log</string>
			<key>sourceTree</key>
			<string>&lt;group&gt;</string>
		</dict>
		<key>E57822D31D2D1E2A00AB383A</key>
		<dict>
			<key>fileEncoding</key>
			<string>4</string>
			<key>isa</key>
			<string>PBXFileReference</string>
			<key>lastKnownFileType</key>
			<string>sourcecode.swift</string>
			<key>path</key>
			<string>GTLog.swift</string>
			<key>sourceTree</key>
			<string>&lt;group&gt;</string>
		</dict>
		<key>E57822D41D2D1E2A00AB383A</key>
		<dict>
			<key>fileRef</key>
			<string>E57822D31D2D1E2A00AB383A</string>
			<key>isa</key>
			<string>PBXBuildFile</string>
		</dict>
		<key>E57822D51D2D21BD00AB383A</key>
		<dict>
			<key>children</key>
			<array>
				<string>E57822D61D2D21BD00AB383A</string>
				<string>E57822D71D2D21BD00AB383A</string>
				<string>E57822D81D2D21BD00AB383A</string>
				<string>E57822D91D2D21BD00AB383A</string>
				<string>E57822E51D2D669F00AB383A</string>
			</array>
			<key>isa</key>
			<string>PBXGroup</string>
			<key>path</key>
			<string>Api</string>
			<key>sourceTree</key>
			<string>&lt;group&gt;</string>
		</dict>
		<key>E57822D61D2D21BD00AB383A</key>
		<dict>
			<key>fileEncoding</key>
			<string>4</string>
			<key>isa</key>
			<string>PBXFileReference</string>
			<key>lastKnownFileType</key>
			<string>sourcecode.swift</string>
			<key>path</key>
			<string>GTFeedbackManager.swift</string>
			<key>sourceTree</key>
			<string>&lt;group&gt;</string>
		</dict>
		<key>E57822D71D2D21BD00AB383A</key>
		<dict>
			<key>fileEncoding</key>
			<string>4</string>
			<key>isa</key>
			<string>PBXFileReference</string>
			<key>lastKnownFileType</key>
			<string>sourcecode.swift</string>
			<key>path</key>
			<string>GTMeManager.swift</string>
			<key>sourceTree</key>
			<string>&lt;group&gt;</string>
		</dict>
		<key>E57822D81D2D21BD00AB383A</key>
		<dict>
			<key>fileEncoding</key>
			<string>4</string>
			<key>isa</key>
			<string>PBXFileReference</string>
			<key>lastKnownFileType</key>
			<string>sourcecode.swift</string>
			<key>path</key>
			<string>GTStreamableManager.swift</string>
			<key>sourceTree</key>
			<string>&lt;group&gt;</string>
		</dict>
		<key>E57822D91D2D21BD00AB383A</key>
		<dict>
			<key>fileEncoding</key>
			<string>4</string>
			<key>isa</key>
			<string>PBXFileReference</string>
			<key>lastKnownFileType</key>
			<string>sourcecode.swift</string>
			<key>path</key>
			<string>GTUserManager.swift</string>
			<key>sourceTree</key>
			<string>&lt;group&gt;</string>
		</dict>
		<key>E57822DA1D2D21BD00AB383A</key>
		<dict>
			<key>fileRef</key>
			<string>E57822D61D2D21BD00AB383A</string>
			<key>isa</key>
			<string>PBXBuildFile</string>
		</dict>
		<key>E57822DB1D2D21BD00AB383A</key>
		<dict>
			<key>fileRef</key>
			<string>E57822D71D2D21BD00AB383A</string>
			<key>isa</key>
			<string>PBXBuildFile</string>
		</dict>
		<key>E57822DC1D2D21BD00AB383A</key>
		<dict>
			<key>fileRef</key>
			<string>E57822D81D2D21BD00AB383A</string>
			<key>isa</key>
			<string>PBXBuildFile</string>
		</dict>
		<key>E57822DD1D2D21BD00AB383A</key>
		<dict>
			<key>fileRef</key>
			<string>E57822D91D2D21BD00AB383A</string>
			<key>isa</key>
			<string>PBXBuildFile</string>
		</dict>
		<key>E57822E31D2D653D00AB383A</key>
		<dict>
			<key>fileEncoding</key>
			<string>4</string>
			<key>isa</key>
			<string>PBXFileReference</string>
			<key>lastKnownFileType</key>
			<string>sourcecode.swift</string>
			<key>path</key>
			<string>GTGetAssetStateTask.swift</string>
			<key>sourceTree</key>
			<string>&lt;group&gt;</string>
		</dict>
		<key>E57822E41D2D653D00AB383A</key>
		<dict>
			<key>fileRef</key>
			<string>E57822E31D2D653D00AB383A</string>
			<key>isa</key>
			<string>PBXBuildFile</string>
		</dict>
		<key>E57822E51D2D669F00AB383A</key>
		<dict>
			<key>fileEncoding</key>
			<string>4</string>
			<key>isa</key>
			<string>PBXFileReference</string>
			<key>lastKnownFileType</key>
			<string>sourcecode.swift</string>
			<key>path</key>
			<string>GTAssetManager.swift</string>
			<key>sourceTree</key>
			<string>&lt;group&gt;</string>
		</dict>
		<key>E57822E61D2D669F00AB383A</key>
		<dict>
			<key>fileRef</key>
			<string>E57822E51D2D669F00AB383A</string>
			<key>isa</key>
			<string>PBXBuildFile</string>
		</dict>
		<key>E57822E71D2D68BD00AB383A</key>
		<dict>
			<key>fileEncoding</key>
			<string>4</string>
			<key>isa</key>
			<string>PBXFileReference</string>
			<key>lastKnownFileType</key>
			<string>sourcecode.swift</string>
			<key>path</key>
			<string>GTAssetNetworkTask.swift</string>
			<key>sourceTree</key>
			<string>&lt;group&gt;</string>
		</dict>
		<key>E57822E81D2D68BD00AB383A</key>
		<dict>
			<key>fileRef</key>
			<string>E57822E71D2D68BD00AB383A</string>
			<key>isa</key>
			<string>PBXBuildFile</string>
		</dict>
		<key>E59BC2F01D119BE0009781BA</key>
		<dict>
			<key>fileEncoding</key>
			<string>4</string>
			<key>isa</key>
			<string>PBXFileReference</string>
			<key>lastKnownFileType</key>
			<string>sourcecode.swift</string>
			<key>path</key>
			<string>GTExternalProvider.swift</string>
			<key>sourceTree</key>
			<string>&lt;group&gt;</string>
		</dict>
		<key>E59BC2F11D119BE0009781BA</key>
		<dict>
			<key>fileRef</key>
			<string>E59BC2F01D119BE0009781BA</string>
			<key>isa</key>
			<string>PBXBuildFile</string>
		</dict>
		<key>E59BC3161D17F0E9009781BA</key>
		<dict>
			<key>fileEncoding</key>
			<string>4</string>
			<key>isa</key>
			<string>PBXFileReference</string>
			<key>lastKnownFileType</key>
			<string>sourcecode.swift</string>
			<key>path</key>
			<string>GTUserSocialFriendsContainer.swift</string>
			<key>sourceTree</key>
			<string>&lt;group&gt;</string>
		</dict>
		<key>E59BC3171D17F0E9009781BA</key>
		<dict>
			<key>fileRef</key>
			<string>E59BC3161D17F0E9009781BA</string>
			<key>isa</key>
			<string>PBXBuildFile</string>
		</dict>
		<key>E59BC3181D17F193009781BA</key>
		<dict>
			<key>fileEncoding</key>
			<string>4</string>
			<key>isa</key>
			<string>PBXFileReference</string>
			<key>lastKnownFileType</key>
			<string>sourcecode.swift</string>
			<key>path</key>
			<string>GTGetSocialFriendsTask.swift</string>
			<key>sourceTree</key>
			<string>&lt;group&gt;</string>
		</dict>
		<key>E59BC3191D17F193009781BA</key>
		<dict>
			<key>fileRef</key>
			<string>E59BC3181D17F193009781BA</string>
			<key>isa</key>
			<string>PBXBuildFile</string>
		</dict>
		<key>E59BC31A1D17F44A009781BA</key>
		<dict>
			<key>fileEncoding</key>
			<string>4</string>
			<key>isa</key>
			<string>PBXFileReference</string>
			<key>lastKnownFileType</key>
			<string>sourcecode.swift</string>
			<key>path</key>
			<string>GTGetSocialFriendsForNetworkTask.swift</string>
			<key>sourceTree</key>
			<string>&lt;group&gt;</string>
		</dict>
		<key>E59BC31B1D17F44A009781BA</key>
		<dict>
			<key>fileRef</key>
			<string>E59BC31A1D17F44A009781BA</string>
			<key>isa</key>
			<string>PBXBuildFile</string>
		</dict>
		<key>E5A1D65E1D22D1E70027E438</key>
		<dict>
			<key>fileEncoding</key>
			<string>4</string>
			<key>isa</key>
			<string>PBXFileReference</string>
			<key>lastKnownFileType</key>
			<string>sourcecode.swift</string>
			<key>path</key>
			<string>GTCacheManager.swift</string>
			<key>sourceTree</key>
			<string>&lt;group&gt;</string>
		</dict>
		<key>E5A1D65F1D22D1E70027E438</key>
		<dict>
			<key>fileRef</key>
			<string>E5A1D65E1D22D1E70027E438</string>
			<key>isa</key>
			<string>PBXBuildFile</string>
		</dict>
		<key>E5A1D6C31D2973F70027E438</key>
		<dict>
			<key>children</key>
			<array>
				<string>E5A1D6C41D2973F70027E438</string>
				<string>E57822E71D2D68BD00AB383A</string>
			</array>
			<key>isa</key>
			<string>PBXGroup</string>
			<key>path</key>
			<string>Asset</string>
			<key>sourceTree</key>
			<string>&lt;group&gt;</string>
		</dict>
		<key>E5A1D6C41D2973F70027E438</key>
		<dict>
			<key>children</key>
			<array>
				<string>E57822E31D2D653D00AB383A</string>
			</array>
			<key>isa</key>
			<string>PBXGroup</string>
			<key>path</key>
			<string>State</string>
			<key>sourceTree</key>
			<string>&lt;group&gt;</string>
		</dict>
		<key>E5A4F11B1CE20AA5005CF12C</key>
		<dict>
			<key>fileEncoding</key>
			<string>4</string>
			<key>isa</key>
			<string>PBXFileReference</string>
			<key>lastKnownFileType</key>
			<string>sourcecode.swift</string>
			<key>path</key>
			<string>GTGetLikersTask.swift</string>
			<key>sourceTree</key>
			<string>&lt;group&gt;</string>
		</dict>
		<key>E5A4F11C1CE20AA5005CF12C</key>
		<dict>
			<key>fileRef</key>
			<string>E5A4F11B1CE20AA5005CF12C</string>
			<key>isa</key>
			<string>PBXBuildFile</string>
		</dict>
		<key>E5A4F11D1CE2120D005CF12C</key>
		<dict>
			<key>fileEncoding</key>
			<string>4</string>
			<key>isa</key>
			<string>PBXFileReference</string>
			<key>lastKnownFileType</key>
			<string>sourcecode.swift</string>
			<key>path</key>
			<string>GTGetCommentsTask.swift</string>
			<key>sourceTree</key>
			<string>&lt;group&gt;</string>
		</dict>
		<key>E5A4F11E1CE2120D005CF12C</key>
		<dict>
			<key>fileRef</key>
			<string>E5A4F11D1CE2120D005CF12C</string>
			<key>isa</key>
			<string>PBXBuildFile</string>
		</dict>
		<key>E5A4F1341CE33665005CF12C</key>
		<dict>
			<key>fileEncoding</key>
			<string>4</string>
			<key>isa</key>
			<string>PBXFileReference</string>
			<key>lastKnownFileType</key>
			<string>sourcecode.swift</string>
			<key>path</key>
			<string>GTPostCommentTask.swift</string>
			<key>sourceTree</key>
			<string>&lt;group&gt;</string>
		</dict>
		<key>E5A4F1351CE33665005CF12C</key>
		<dict>
			<key>fileRef</key>
			<string>E5A4F1341CE33665005CF12C</string>
			<key>isa</key>
			<string>PBXBuildFile</string>
		</dict>
		<key>E5DAA8891CE35EB4000CB2F4</key>
		<dict>
			<key>fileEncoding</key>
			<string>4</string>
			<key>isa</key>
			<string>PBXFileReference</string>
			<key>lastKnownFileType</key>
			<string>sourcecode.swift</string>
			<key>path</key>
			<string>GTDeleteCommentTask.swift</string>
			<key>sourceTree</key>
			<string>&lt;group&gt;</string>
		</dict>
		<key>E5DAA88A1CE35EB4000CB2F4</key>
		<dict>
			<key>fileRef</key>
			<string>E5DAA8891CE35EB4000CB2F4</string>
			<key>isa</key>
			<string>PBXBuildFile</string>
		</dict>
		<key>E5DAA88B1CE35F73000CB2F4</key>
		<dict>
			<key>fileEncoding</key>
			<string>4</string>
			<key>isa</key>
			<string>PBXFileReference</string>
			<key>lastKnownFileType</key>
			<string>sourcecode.swift</string>
			<key>path</key>
			<string>GTEditCommentTask.swift</string>
			<key>sourceTree</key>
			<string>&lt;group&gt;</string>
		</dict>
		<key>E5DAA88C1CE35F73000CB2F4</key>
		<dict>
			<key>fileRef</key>
			<string>E5DAA88B1CE35F73000CB2F4</string>
			<key>isa</key>
			<string>PBXBuildFile</string>
		</dict>
		<key>E5DAA88D1CE3772D000CB2F4</key>
		<dict>
			<key>fileEncoding</key>
			<string>4</string>
			<key>isa</key>
			<string>PBXFileReference</string>
			<key>lastKnownFileType</key>
			<string>sourcecode.swift</string>
			<key>path</key>
			<string>GTSearchHashtagsTask.swift</string>
			<key>sourceTree</key>
			<string>&lt;group&gt;</string>
		</dict>
		<key>E5DAA88E1CE3772D000CB2F4</key>
		<dict>
			<key>fileRef</key>
			<string>E5DAA88D1CE3772D000CB2F4</string>
			<key>isa</key>
			<string>PBXBuildFile</string>
		</dict>
		<key>E5DAA8A11CE39AB1000CB2F4</key>
		<dict>
			<key>fileEncoding</key>
			<string>4</string>
			<key>isa</key>
			<string>PBXFileReference</string>
			<key>lastKnownFileType</key>
			<string>sourcecode.swift</string>
			<key>path</key>
			<string>GTLikeStreamableTask.swift</string>
			<key>sourceTree</key>
			<string>&lt;group&gt;</string>
		</dict>
		<key>E5DAA8A21CE39AB1000CB2F4</key>
		<dict>
			<key>fileRef</key>
			<string>E5DAA8A11CE39AB1000CB2F4</string>
			<key>isa</key>
			<string>PBXBuildFile</string>
		</dict>
		<key>E5DAA8A31CE39B5D000CB2F4</key>
		<dict>
			<key>fileEncoding</key>
			<string>4</string>
			<key>isa</key>
			<string>PBXFileReference</string>
			<key>lastKnownFileType</key>
			<string>sourcecode.swift</string>
			<key>path</key>
			<string>GTUnlikeStreamableTask.swift</string>
			<key>sourceTree</key>
			<string>&lt;group&gt;</string>
		</dict>
		<key>E5DAA8A41CE39B5D000CB2F4</key>
		<dict>
			<key>fileRef</key>
			<string>E5DAA8A31CE39B5D000CB2F4</string>
			<key>isa</key>
			<string>PBXBuildFile</string>
		</dict>
		<key>E5DAA8A51CE3A29E000CB2F4</key>
		<dict>
			<key>fileEncoding</key>
			<string>4</string>
			<key>isa</key>
			<string>PBXFileReference</string>
			<key>lastKnownFileType</key>
			<string>sourcecode.swift</string>
			<key>path</key>
			<string>GTFollowTask.swift</string>
			<key>sourceTree</key>
			<string>&lt;group&gt;</string>
		</dict>
		<key>E5DAA8A61CE3A29E000CB2F4</key>
		<dict>
			<key>fileRef</key>
			<string>E5DAA8A51CE3A29E000CB2F4</string>
			<key>isa</key>
			<string>PBXBuildFile</string>
		</dict>
		<key>E5DAA8A71CE3A334000CB2F4</key>
		<dict>
			<key>fileEncoding</key>
			<string>4</string>
			<key>isa</key>
			<string>PBXFileReference</string>
			<key>lastKnownFileType</key>
			<string>sourcecode.swift</string>
			<key>path</key>
			<string>GTUnfollowTask.swift</string>
			<key>sourceTree</key>
			<string>&lt;group&gt;</string>
		</dict>
		<key>E5DAA8A81CE3A334000CB2F4</key>
		<dict>
			<key>fileRef</key>
			<string>E5DAA8A71CE3A334000CB2F4</string>
			<key>isa</key>
			<string>PBXBuildFile</string>
		</dict>
		<key>E5DAA8B81CE4A6C5000CB2F4</key>
		<dict>
			<key>fileEncoding</key>
			<string>4</string>
			<key>isa</key>
			<string>PBXFileReference</string>
			<key>lastKnownFileType</key>
			<string>sourcecode.swift</string>
			<key>path</key>
			<string>GTGetMyFullProfileTask.swift</string>
			<key>sourceTree</key>
			<string>&lt;group&gt;</string>
		</dict>
		<key>E5DAA8B91CE4A6C5000CB2F4</key>
		<dict>
			<key>fileRef</key>
			<string>E5DAA8B81CE4A6C5000CB2F4</string>
			<key>isa</key>
			<string>PBXBuildFile</string>
		</dict>
		<key>E5DAA8BA1CE4A77F000CB2F4</key>
		<dict>
			<key>fileEncoding</key>
			<string>4</string>
			<key>isa</key>
			<string>PBXFileReference</string>
			<key>lastKnownFileType</key>
			<string>sourcecode.swift</string>
			<key>path</key>
			<string>GTGetUserProfileTask.swift</string>
			<key>sourceTree</key>
			<string>&lt;group&gt;</string>
		</dict>
		<key>E5DAA8BB1CE4A77F000CB2F4</key>
		<dict>
			<key>fileRef</key>
			<string>E5DAA8BA1CE4A77F000CB2F4</string>
			<key>isa</key>
			<string>PBXBuildFile</string>
		</dict>
		<key>E5DAA8BC1CE4A858000CB2F4</key>
		<dict>
			<key>fileEncoding</key>
			<string>4</string>
			<key>isa</key>
			<string>PBXFileReference</string>
			<key>lastKnownFileType</key>
			<string>sourcecode.swift</string>
			<key>path</key>
			<string>GTGetUserFullProfileTask.swift</string>
			<key>sourceTree</key>
			<string>&lt;group&gt;</string>
		</dict>
		<key>E5DAA8BD1CE4A858000CB2F4</key>
		<dict>
			<key>fileRef</key>
			<string>E5DAA8BC1CE4A858000CB2F4</string>
			<key>isa</key>
			<string>PBXBuildFile</string>
		</dict>
		<key>E5DFDB861CB2A28C00BB3D27</key>
		<dict>
			<key>children</key>
			<array>
				<string>E5DFDB921CB2A28C00BB3D27</string>
				<string>E5DFDB911CB2A28C00BB3D27</string>
				<string>AF95B594A805F4566E19ED0E</string>
				<string>E2AD2AC50062F5C828E365AD</string>
			</array>
			<key>isa</key>
			<string>PBXGroup</string>
			<key>sourceTree</key>
			<string>&lt;group&gt;</string>
		</dict>
		<key>E5DFDB871CB2A28C00BB3D27</key>
		<dict>
			<key>attributes</key>
			<dict>
				<key>CLASSPREFIX</key>
				<string>GT</string>
				<key>LastUpgradeCheck</key>
				<string>0720</string>
				<key>ORGANIZATIONNAME</key>
				<string>GraffiTab</string>
				<key>TargetAttributes</key>
				<dict>
					<key>E5DFDB8F1CB2A28C00BB3D27</key>
					<dict>
						<key>CreatedOnToolsVersion</key>
						<string>7.2</string>
					</dict>
				</dict>
			</dict>
			<key>buildConfigurationList</key>
			<string>E5DFDB8A1CB2A28C00BB3D27</string>
			<key>compatibilityVersion</key>
			<string>Xcode 3.2</string>
			<key>developmentRegion</key>
			<string>English</string>
			<key>hasScannedForEncodings</key>
			<string>0</string>
			<key>isa</key>
			<string>PBXProject</string>
			<key>knownRegions</key>
			<array>
				<string>en</string>
			</array>
			<key>mainGroup</key>
			<string>E5DFDB861CB2A28C00BB3D27</string>
			<key>productRefGroup</key>
			<string>E5DFDB911CB2A28C00BB3D27</string>
			<key>projectDirPath</key>
			<string></string>
			<key>projectReferences</key>
			<array/>
			<key>projectRoot</key>
			<string></string>
			<key>targets</key>
			<array>
				<string>E5DFDB8F1CB2A28C00BB3D27</string>
			</array>
		</dict>
		<key>E5DFDB8A1CB2A28C00BB3D27</key>
		<dict>
			<key>buildConfigurations</key>
			<array>
				<string>E5DFDB961CB2A28C00BB3D27</string>
				<string>E5DFDB971CB2A28C00BB3D27</string>
			</array>
			<key>defaultConfigurationIsVisible</key>
			<string>0</string>
			<key>defaultConfigurationName</key>
			<string>Release</string>
			<key>isa</key>
			<string>XCConfigurationList</string>
		</dict>
		<key>E5DFDB8B1CB2A28C00BB3D27</key>
		<dict>
			<key>buildActionMask</key>
			<string>2147483647</string>
			<key>files</key>
			<array>
				<string>E5DFDBB51CB2A4CF00BB3D27</string>
				<string>E5DAA8BD1CE4A858000CB2F4</string>
				<string>E57822D41D2D1E2A00AB383A</string>
				<string>E51006271CB7116A00AC66A5</string>
				<string>E5F40CFD1D4FB54800832D92</string>
				<string>E51006221CB710B700AC66A5</string>
				<string>E55452DE1CF324990076CEC9</string>
				<string>E57822CD1D2D163800AB383A</string>
				<string>E55452DA1CF317420076CEC9</string>
				<string>E51007171CBD5DB200AC66A5</string>
				<string>E5DFDBBE1CB2B65C00BB3D27</string>
				<string>E51007361CBE82A700AC66A5</string>
				<string>E55452D81CF316C50076CEC9</string>
				<string>E59BC2F11D119BE0009781BA</string>
				<string>E57822DA1D2D21BD00AB383A</string>
				<string>E5DAA8B91CE4A6C5000CB2F4</string>
				<string>E57822E41D2D653D00AB383A</string>
				<string>E51006201CB710B700AC66A5</string>
				<string>E52DC7541CE55D4400375828</string>
				<string>E5A4F1351CE33665005CF12C</string>
				<string>E51006B21CBBFC9A00AC66A5</string>
				<string>E57822DB1D2D21BD00AB383A</string>
				<string>E5DAA88E1CE3772D000CB2F4</string>
				<string>E5DAA88C1CE35F73000CB2F4</string>
				<string>E52DC73D1CE5502E00375828</string>
				<string>E5DFDBBC1CB2A91C00BB3D27</string>
				<string>E52DC74C1CE55A6400375828</string>
				<string>E51006B01CBBFC8600AC66A5</string>
				<string>E5DFDBAF1CB2A4CF00BB3D27</string>
				<string>E5DFDBB71CB2A4CF00BB3D27</string>
				<string>E5DAA8A41CE39B5D000CB2F4</string>
				<string>E52DC7521CE55C7400375828</string>
				<string>E510071C1CBDB79300AC66A5</string>
				<string>E51007341CBE7EE500AC66A5</string>
				<string>E51006251CB710B700AC66A5</string>
				<string>E510061F1CB710B700AC66A5</string>
				<string>E510067C1CB7F0AC00AC66A5</string>
				<string>E51006241CB710B700AC66A5</string>
				<string>E5DFDBBA1CB2A4CF00BB3D27</string>
				<string>E5DAA8A21CE39AB1000CB2F4</string>
				<string>E59BC3171D17F0E9009781BA</string>
				<string>E52DC73B1CE54F0E00375828</string>
				<string>E57822DC1D2D21BD00AB383A</string>
				<string>E510072E1CBE6C0C00AC66A5</string>
				<string>E51007241CBE461E00AC66A5</string>
				<string>E55452CD1CF298DE0076CEC9</string>
				<string>E5DAA88A1CE35EB4000CB2F4</string>
				<string>E59BC3191D17F193009781BA</string>
				<string>E5DFDBB61CB2A4CF00BB3D27</string>
				<string>E50564DB1CECC1D200A42E56</string>
				<string>E51006471CB726F200AC66A5</string>
				<string>E51006291CB713EB00AC66A5</string>
				<string>E5A1D65F1D22D1E70027E438</string>
				<string>E55452DC1CF31C5A0076CEC9</string>
				<string>E5A4F11C1CE20AA5005CF12C</string>
				<string>E57822E61D2D669F00AB383A</string>
				<string>E510062B1CB7173700AC66A5</string>
				<string>E51007051CBD1FC300AC66A5</string>
				<string>E51006B41CBBFE3B00AC66A5</string>
				<string>E5DAA8A61CE3A29E000CB2F4</string>
				<string>E57822DD1D2D21BD00AB383A</string>
				<string>E5DFDBB21CB2A4CF00BB3D27</string>
				<string>E51007321CBE714E00AC66A5</string>
				<string>E52DC7501CE55BF700375828</string>
				<string>E5544BF51D556F54002AA88A</string>
				<string>E5DFDBB91CB2A4CF00BB3D27</string>
				<string>E57822D11D2D1BCA00AB383A</string>
				<string>E55452E01CF325300076CEC9</string>
				<string>E5DFDBB81CB2A4CF00BB3D27</string>
				<string>E55452CB1CF28D590076CEC9</string>
				<string>E5A4F11E1CE2120D005CF12C</string>
				<string>E510068A1CB8053F00AC66A5</string>
				<string>E510069A1CBBAB6F00AC66A5</string>
				<string>E5DAA8BB1CE4A77F000CB2F4</string>
				<string>E5DFDBB01CB2A4CF00BB3D27</string>
				<string>E51006EE1CBD16D100AC66A5</string>
				<string>E52DC7481CE558BD00375828</string>
				<string>E57822CF1D2D188300AB383A</string>
				<string>E51006981CBBAA4C00AC66A5</string>
				<string>E59BC31B1D17F44A009781BA</string>
				<string>E510070B1CBD3FD800AC66A5</string>
				<string>E51006961CBBA9BD00AC66A5</string>
				<string>E52DC74A1CE5595F00375828</string>
				<string>E52DC7441CE555D700375828</string>
				<string>E52DC7421CE5550A00375828</string>
				<string>E57822E81D2D68BD00AB383A</string>
				<string>E51006741CB7E8A300AC66A5</string>
				<string>E5DFDBC01CB2BAA200BB3D27</string>
				<string>E51006EC1CBD156C00AC66A5</string>
				<string>E558A89E1CBFB92400C2F9B1</string>
				<string>E51007301CBE6CA700AC66A5</string>
				<string>E5DAA8A81CE3A334000CB2F4</string>
				<string>E52DC74E1CE55B1800375828</string>
				<string>E52DC7461CE557C500375828</string>
				<string>E51006211CB710B700AC66A5</string>
				<string>E510061E1CB710B700AC66A5</string>
			</array>
			<key>isa</key>
			<string>PBXSourcesBuildPhase</string>
			<key>runOnlyForDeploymentPostprocessing</key>
			<string>0</string>
		</dict>
		<key>E5DFDB8C1CB2A28C00BB3D27</key>
		<dict>
			<key>buildActionMask</key>
			<string>2147483647</string>
			<key>files</key>
			<array>
				<string>B0C73954E564BF6D32692AB9</string>
			</array>
			<key>isa</key>
			<string>PBXFrameworksBuildPhase</string>
			<key>runOnlyForDeploymentPostprocessing</key>
			<string>0</string>
		</dict>
		<key>E5DFDB8D1CB2A28C00BB3D27</key>
		<dict>
			<key>buildActionMask</key>
			<string>2147483647</string>
			<key>files</key>
			<array>
				<string>E5DFDB941CB2A28C00BB3D27</string>
			</array>
			<key>isa</key>
			<string>PBXHeadersBuildPhase</string>
			<key>runOnlyForDeploymentPostprocessing</key>
			<string>0</string>
		</dict>
		<key>E5DFDB8E1CB2A28C00BB3D27</key>
		<dict>
			<key>buildActionMask</key>
			<string>2147483647</string>
			<key>files</key>
			<array/>
			<key>isa</key>
			<string>PBXResourcesBuildPhase</string>
			<key>runOnlyForDeploymentPostprocessing</key>
			<string>0</string>
		</dict>
		<key>E5DFDB8F1CB2A28C00BB3D27</key>
		<dict>
			<key>buildConfigurationList</key>
			<string>E5DFDB981CB2A28C00BB3D27</string>
			<key>buildPhases</key>
			<array>
				<string>F7CE86901E56998CA7538A01</string>
				<string>E5DFDB8B1CB2A28C00BB3D27</string>
				<string>E5DFDB8C1CB2A28C00BB3D27</string>
				<string>E5DFDB8D1CB2A28C00BB3D27</string>
				<string>E5DFDB8E1CB2A28C00BB3D27</string>
				<string>D5AEE9502010798B6F45CA2D</string>
			</array>
			<key>buildRules</key>
			<array/>
			<key>dependencies</key>
			<array/>
			<key>isa</key>
			<string>PBXNativeTarget</string>
			<key>name</key>
			<string>GraffiTab_iOS_SDK</string>
			<key>productName</key>
			<string>GraffiTab-iOS-SDK</string>
			<key>productReference</key>
			<string>E5DFDB901CB2A28C00BB3D27</string>
			<key>productType</key>
			<string>com.apple.product-type.framework</string>
		</dict>
		<key>E5DFDB901CB2A28C00BB3D27</key>
		<dict>
			<key>explicitFileType</key>
			<string>wrapper.framework</string>
			<key>includeInIndex</key>
			<string>0</string>
			<key>isa</key>
			<string>PBXFileReference</string>
			<key>path</key>
			<string>GraffiTab_iOS_SDK.framework</string>
			<key>sourceTree</key>
			<string>BUILT_PRODUCTS_DIR</string>
		</dict>
		<key>E5DFDB911CB2A28C00BB3D27</key>
		<dict>
			<key>children</key>
			<array>
				<string>E5DFDB901CB2A28C00BB3D27</string>
			</array>
			<key>isa</key>
			<string>PBXGroup</string>
			<key>name</key>
			<string>Products</string>
			<key>sourceTree</key>
			<string>&lt;group&gt;</string>
		</dict>
		<key>E5DFDB921CB2A28C00BB3D27</key>
		<dict>
			<key>children</key>
			<array>
				<string>E57822D21D2D1DE700AB383A</string>
				<string>E57822CB1D2D161B00AB383A</string>
				<string>E5DFDB9B1CB2A4CF00BB3D27</string>
				<string>E5DFDB9D1CB2A4CF00BB3D27</string>
				<string>E5DFDBA31CB2A4CF00BB3D27</string>
				<string>E5DFDBA41CB2A4CF00BB3D27</string>
				<string>E5DFDBA91CB2A4CF00BB3D27</string>
				<string>E5DFDBAB1CB2A4CF00BB3D27</string>
				<string>E5DFDBAD1CB2A4CF00BB3D27</string>
				<string>E5DFDB931CB2A28C00BB3D27</string>
				<string>E5DFDB951CB2A28C00BB3D27</string>
			</array>
			<key>isa</key>
			<string>PBXGroup</string>
			<key>path</key>
			<string>GraffiTab-iOS-SDK</string>
			<key>sourceTree</key>
			<string>&lt;group&gt;</string>
		</dict>
		<key>E5DFDB931CB2A28C00BB3D27</key>
		<dict>
			<key>isa</key>
			<string>PBXFileReference</string>
			<key>lastKnownFileType</key>
			<string>sourcecode.c.h</string>
			<key>path</key>
			<string>GraffiTab-iOS-SDK.h</string>
			<key>sourceTree</key>
			<string>&lt;group&gt;</string>
		</dict>
		<key>E5DFDB941CB2A28C00BB3D27</key>
		<dict>
			<key>fileRef</key>
			<string>E5DFDB931CB2A28C00BB3D27</string>
			<key>isa</key>
			<string>PBXBuildFile</string>
			<key>settings</key>
			<dict>
				<key>ATTRIBUTES</key>
				<array>
					<string>Public</string>
				</array>
			</dict>
		</dict>
		<key>E5DFDB951CB2A28C00BB3D27</key>
		<dict>
			<key>isa</key>
			<string>PBXFileReference</string>
			<key>lastKnownFileType</key>
			<string>text.plist.xml</string>
			<key>path</key>
			<string>Info.plist</string>
			<key>sourceTree</key>
			<string>&lt;group&gt;</string>
		</dict>
		<key>E5DFDB961CB2A28C00BB3D27</key>
		<dict>
			<key>buildSettings</key>
			<dict>
				<key>ALWAYS_SEARCH_USER_PATHS</key>
				<string>NO</string>
				<key>CLANG_CXX_LANGUAGE_STANDARD</key>
				<string>gnu++0x</string>
				<key>CLANG_CXX_LIBRARY</key>
				<string>libc++</string>
				<key>CLANG_ENABLE_MODULES</key>
				<string>YES</string>
				<key>CLANG_ENABLE_OBJC_ARC</key>
				<string>YES</string>
				<key>CLANG_WARN_BOOL_CONVERSION</key>
				<string>YES</string>
				<key>CLANG_WARN_CONSTANT_CONVERSION</key>
				<string>YES</string>
				<key>CLANG_WARN_DIRECT_OBJC_ISA_USAGE</key>
				<string>YES_ERROR</string>
				<key>CLANG_WARN_EMPTY_BODY</key>
				<string>YES</string>
				<key>CLANG_WARN_ENUM_CONVERSION</key>
				<string>YES</string>
				<key>CLANG_WARN_INT_CONVERSION</key>
				<string>YES</string>
				<key>CLANG_WARN_OBJC_ROOT_CLASS</key>
				<string>YES_ERROR</string>
				<key>CLANG_WARN_UNREACHABLE_CODE</key>
				<string>YES</string>
				<key>CLANG_WARN__DUPLICATE_METHOD_MATCH</key>
				<string>YES</string>
				<key>CODE_SIGN_IDENTITY[sdk=iphoneos*]</key>
				<string>iPhone Developer</string>
				<key>COPY_PHASE_STRIP</key>
				<string>NO</string>
				<key>CURRENT_PROJECT_VERSION</key>
				<string>1</string>
				<key>DEBUG_INFORMATION_FORMAT</key>
				<string>dwarf</string>
				<key>ENABLE_STRICT_OBJC_MSGSEND</key>
				<string>YES</string>
				<key>ENABLE_TESTABILITY</key>
				<string>YES</string>
				<key>GCC_C_LANGUAGE_STANDARD</key>
				<string>gnu99</string>
				<key>GCC_DYNAMIC_NO_PIC</key>
				<string>NO</string>
				<key>GCC_NO_COMMON_BLOCKS</key>
				<string>YES</string>
				<key>GCC_OPTIMIZATION_LEVEL</key>
				<string>0</string>
				<key>GCC_PREPROCESSOR_DEFINITIONS</key>
				<array>
					<string>DEBUG=1</string>
					<string>$(inherited)</string>
				</array>
				<key>GCC_WARN_64_TO_32_BIT_CONVERSION</key>
				<string>YES</string>
				<key>GCC_WARN_ABOUT_RETURN_TYPE</key>
				<string>YES_ERROR</string>
				<key>GCC_WARN_UNDECLARED_SELECTOR</key>
				<string>YES</string>
				<key>GCC_WARN_UNINITIALIZED_AUTOS</key>
				<string>YES_AGGRESSIVE</string>
				<key>GCC_WARN_UNUSED_FUNCTION</key>
				<string>YES</string>
				<key>GCC_WARN_UNUSED_VARIABLE</key>
				<string>YES</string>
				<key>IPHONEOS_DEPLOYMENT_TARGET</key>
				<string>9.2</string>
				<key>MTL_ENABLE_DEBUG_INFO</key>
				<string>YES</string>
				<key>ONLY_ACTIVE_ARCH</key>
				<string>YES</string>
				<key>SDKROOT</key>
				<string>iphoneos</string>
				<key>SWIFT_OPTIMIZATION_LEVEL</key>
				<string>-Onone</string>
				<key>TARGETED_DEVICE_FAMILY</key>
				<string>1,2</string>
				<key>VERSIONING_SYSTEM</key>
				<string>apple-generic</string>
				<key>VERSION_INFO_PREFIX</key>
				<string></string>
			</dict>
			<key>isa</key>
			<string>XCBuildConfiguration</string>
			<key>name</key>
			<string>Debug</string>
		</dict>
		<key>E5DFDB971CB2A28C00BB3D27</key>
		<dict>
			<key>buildSettings</key>
			<dict>
				<key>ALWAYS_SEARCH_USER_PATHS</key>
				<string>NO</string>
				<key>CLANG_CXX_LANGUAGE_STANDARD</key>
				<string>gnu++0x</string>
				<key>CLANG_CXX_LIBRARY</key>
				<string>libc++</string>
				<key>CLANG_ENABLE_MODULES</key>
				<string>YES</string>
				<key>CLANG_ENABLE_OBJC_ARC</key>
				<string>YES</string>
				<key>CLANG_WARN_BOOL_CONVERSION</key>
				<string>YES</string>
				<key>CLANG_WARN_CONSTANT_CONVERSION</key>
				<string>YES</string>
				<key>CLANG_WARN_DIRECT_OBJC_ISA_USAGE</key>
				<string>YES_ERROR</string>
				<key>CLANG_WARN_EMPTY_BODY</key>
				<string>YES</string>
				<key>CLANG_WARN_ENUM_CONVERSION</key>
				<string>YES</string>
				<key>CLANG_WARN_INT_CONVERSION</key>
				<string>YES</string>
				<key>CLANG_WARN_OBJC_ROOT_CLASS</key>
				<string>YES_ERROR</string>
				<key>CLANG_WARN_UNREACHABLE_CODE</key>
				<string>YES</string>
				<key>CLANG_WARN__DUPLICATE_METHOD_MATCH</key>
				<string>YES</string>
				<key>CODE_SIGN_IDENTITY[sdk=iphoneos*]</key>
				<string>iPhone Developer</string>
				<key>COPY_PHASE_STRIP</key>
				<string>NO</string>
				<key>CURRENT_PROJECT_VERSION</key>
				<string>1</string>
				<key>DEBUG_INFORMATION_FORMAT</key>
				<string>dwarf-with-dsym</string>
				<key>ENABLE_NS_ASSERTIONS</key>
				<string>NO</string>
				<key>ENABLE_STRICT_OBJC_MSGSEND</key>
				<string>YES</string>
				<key>GCC_C_LANGUAGE_STANDARD</key>
				<string>gnu99</string>
				<key>GCC_NO_COMMON_BLOCKS</key>
				<string>YES</string>
				<key>GCC_WARN_64_TO_32_BIT_CONVERSION</key>
				<string>YES</string>
				<key>GCC_WARN_ABOUT_RETURN_TYPE</key>
				<string>YES_ERROR</string>
				<key>GCC_WARN_UNDECLARED_SELECTOR</key>
				<string>YES</string>
				<key>GCC_WARN_UNINITIALIZED_AUTOS</key>
				<string>YES_AGGRESSIVE</string>
				<key>GCC_WARN_UNUSED_FUNCTION</key>
				<string>YES</string>
				<key>GCC_WARN_UNUSED_VARIABLE</key>
				<string>YES</string>
				<key>IPHONEOS_DEPLOYMENT_TARGET</key>
				<string>9.2</string>
				<key>MTL_ENABLE_DEBUG_INFO</key>
				<string>NO</string>
				<key>SDKROOT</key>
				<string>iphoneos</string>
				<key>TARGETED_DEVICE_FAMILY</key>
				<string>1,2</string>
				<key>VALIDATE_PRODUCT</key>
				<string>YES</string>
				<key>VERSIONING_SYSTEM</key>
				<string>apple-generic</string>
				<key>VERSION_INFO_PREFIX</key>
				<string></string>
			</dict>
			<key>isa</key>
			<string>XCBuildConfiguration</string>
			<key>name</key>
			<string>Release</string>
		</dict>
		<key>E5DFDB981CB2A28C00BB3D27</key>
		<dict>
			<key>buildConfigurations</key>
			<array>
				<string>E5DFDB991CB2A28C00BB3D27</string>
				<string>E5DFDB9A1CB2A28C00BB3D27</string>
			</array>
			<key>defaultConfigurationIsVisible</key>
			<string>0</string>
			<key>defaultConfigurationName</key>
			<string>Release</string>
			<key>isa</key>
			<string>XCConfigurationList</string>
		</dict>
		<key>E5DFDB991CB2A28C00BB3D27</key>
		<dict>
			<key>baseConfigurationReference</key>
			<string>75B4B9EB572F11F188A32B91</string>
			<key>buildSettings</key>
			<dict>
				<key>DEFINES_MODULE</key>
				<string>YES</string>
				<key>DYLIB_COMPATIBILITY_VERSION</key>
				<string>1</string>
				<key>DYLIB_CURRENT_VERSION</key>
				<string>1</string>
				<key>DYLIB_INSTALL_NAME_BASE</key>
				<string>@rpath</string>
				<key>INFOPLIST_FILE</key>
				<string>GraffiTab-iOS-SDK/Info.plist</string>
				<key>INSTALL_PATH</key>
				<string>$(LOCAL_LIBRARY_DIR)/Frameworks</string>
				<key>IPHONEOS_DEPLOYMENT_TARGET</key>
				<string>9.0</string>
				<key>LD_RUNPATH_SEARCH_PATHS</key>
				<string>$(inherited) @executable_path/Frameworks @loader_path/Frameworks</string>
				<key>ONLY_ACTIVE_ARCH</key>
				<string>NO</string>
				<key>PRODUCT_BUNDLE_IDENTIFIER</key>
				<string>com.graffitab.GraffiTab-iOS-SDK</string>
				<key>PRODUCT_NAME</key>
				<string>$(TARGET_NAME)</string>
				<key>SKIP_INSTALL</key>
				<string>YES</string>
			</dict>
			<key>isa</key>
			<string>XCBuildConfiguration</string>
			<key>name</key>
			<string>Debug</string>
		</dict>
		<key>E5DFDB9A1CB2A28C00BB3D27</key>
		<dict>
			<key>baseConfigurationReference</key>
			<string>CFF93A12448AB18B3A9BBE8D</string>
			<key>buildSettings</key>
			<dict>
				<key>DEFINES_MODULE</key>
				<string>YES</string>
				<key>DYLIB_COMPATIBILITY_VERSION</key>
				<string>1</string>
				<key>DYLIB_CURRENT_VERSION</key>
				<string>1</string>
				<key>DYLIB_INSTALL_NAME_BASE</key>
				<string>@rpath</string>
				<key>INFOPLIST_FILE</key>
				<string>GraffiTab-iOS-SDK/Info.plist</string>
				<key>INSTALL_PATH</key>
				<string>$(LOCAL_LIBRARY_DIR)/Frameworks</string>
				<key>IPHONEOS_DEPLOYMENT_TARGET</key>
				<string>9.0</string>
				<key>LD_RUNPATH_SEARCH_PATHS</key>
				<string>$(inherited) @executable_path/Frameworks @loader_path/Frameworks</string>
				<key>ONLY_ACTIVE_ARCH</key>
				<string>NO</string>
				<key>PRODUCT_BUNDLE_IDENTIFIER</key>
				<string>com.graffitab.GraffiTab-iOS-SDK</string>
				<key>PRODUCT_NAME</key>
				<string>$(TARGET_NAME)</string>
				<key>SKIP_INSTALL</key>
				<string>YES</string>
			</dict>
			<key>isa</key>
			<string>XCBuildConfiguration</string>
			<key>name</key>
			<string>Release</string>
		</dict>
		<key>E5DFDB9B1CB2A4CF00BB3D27</key>
		<dict>
			<key>children</key>
			<array>
				<string>E5DFDB9C1CB2A4CF00BB3D27</string>
				<string>E5DFDBBB1CB2A91C00BB3D27</string>
			</array>
			<key>isa</key>
			<string>PBXGroup</string>
			<key>path</key>
			<string>Constants</string>
			<key>sourceTree</key>
			<string>&lt;group&gt;</string>
		</dict>
		<key>E5DFDB9C1CB2A4CF00BB3D27</key>
		<dict>
			<key>fileEncoding</key>
			<string>4</string>
			<key>isa</key>
			<string>PBXFileReference</string>
			<key>lastKnownFileType</key>
			<string>sourcecode.swift</string>
			<key>path</key>
			<string>GTConstants.swift</string>
			<key>sourceTree</key>
			<string>&lt;group&gt;</string>
		</dict>
		<key>E5DFDB9D1CB2A4CF00BB3D27</key>
		<dict>
			<key>children</key>
			<array>
				<string>E57822D51D2D21BD00AB383A</string>
				<string>E5DFDB9E1CB2A4CF00BB3D27</string>
				<string>E5DFDBA01CB2A4CF00BB3D27</string>
				<string>E5A1D65E1D22D1E70027E438</string>
			</array>
			<key>isa</key>
			<string>PBXGroup</string>
			<key>path</key>
			<string>Managers</string>
			<key>sourceTree</key>
			<string>&lt;group&gt;</string>
		</dict>
		<key>E5DFDB9E1CB2A4CF00BB3D27</key>
		<dict>
			<key>fileEncoding</key>
			<string>4</string>
			<key>isa</key>
			<string>PBXFileReference</string>
			<key>lastKnownFileType</key>
			<string>sourcecode.swift</string>
			<key>path</key>
			<string>GTCookieManager.swift</string>
			<key>sourceTree</key>
			<string>&lt;group&gt;</string>
		</dict>
		<key>E5DFDBA01CB2A4CF00BB3D27</key>
		<dict>
			<key>fileEncoding</key>
			<string>4</string>
			<key>isa</key>
			<string>PBXFileReference</string>
			<key>lastKnownFileType</key>
			<string>sourcecode.swift</string>
			<key>path</key>
			<string>GTLifecycleManager.swift</string>
			<key>sourceTree</key>
			<string>&lt;group&gt;</string>
		</dict>
		<key>E5DFDBA31CB2A4CF00BB3D27</key>
		<dict>
			<key>children</key>
			<array>
				<string>E51006AE1CBBFC6F00AC66A5</string>
				<string>E510062A1CB7173700AC66A5</string>
				<string>E5DFDBBD1CB2B65C00BB3D27</string>
				<string>E5DFDBBF1CB2BAA200BB3D27</string>
				<string>E51006281CB713EB00AC66A5</string>
				<string>E51006971CBBAA4C00AC66A5</string>
				<string>E51006991CBBAB6F00AC66A5</string>
				<string>E55452D71CF316C50076CEC9</string>
				<string>E59BC2F01D119BE0009781BA</string>
				<string>E59BC3161D17F0E9009781BA</string>
			</array>
			<key>isa</key>
			<string>PBXGroup</string>
			<key>path</key>
			<string>Model</string>
			<key>sourceTree</key>
			<string>&lt;group&gt;</string>
		</dict>
		<key>E5DFDBA41CB2A4CF00BB3D27</key>
		<dict>
			<key>children</key>
			<array>
				<string>E5DFDBA51CB2A4CF00BB3D27</string>
				<string>E5DFDBA71CB2A4CF00BB3D27</string>
				<string>E5DFDBA81CB2A4CF00BB3D27</string>
			</array>
			<key>isa</key>
			<string>PBXGroup</string>
			<key>path</key>
			<string>Network</string>
			<key>sourceTree</key>
			<string>&lt;group&gt;</string>
		</dict>
		<key>E5DFDBA51CB2A4CF00BB3D27</key>
		<dict>
			<key>children</key>
			<array>
				<string>E5DFDBA61CB2A4CF00BB3D27</string>
			</array>
			<key>isa</key>
			<string>PBXGroup</string>
			<key>path</key>
			<string>Cache</string>
			<key>sourceTree</key>
			<string>&lt;group&gt;</string>
		</dict>
		<key>E5DFDBA61CB2A4CF00BB3D27</key>
		<dict>
			<key>fileEncoding</key>
			<string>4</string>
			<key>isa</key>
			<string>PBXFileReference</string>
			<key>lastKnownFileType</key>
			<string>sourcecode.swift</string>
			<key>path</key>
			<string>GTCache.swift</string>
			<key>sourceTree</key>
			<string>&lt;group&gt;</string>
		</dict>
		<key>E5DFDBA71CB2A4CF00BB3D27</key>
		<dict>
			<key>fileEncoding</key>
			<string>4</string>
			<key>isa</key>
			<string>PBXFileReference</string>
			<key>lastKnownFileType</key>
			<string>sourcecode.swift</string>
			<key>path</key>
			<string>GTRequestBuilder.swift</string>
			<key>sourceTree</key>
			<string>&lt;group&gt;</string>
		</dict>
		<key>E5DFDBA81CB2A4CF00BB3D27</key>
		<dict>
			<key>fileEncoding</key>
			<string>4</string>
			<key>isa</key>
			<string>PBXFileReference</string>
			<key>lastKnownFileType</key>
			<string>sourcecode.swift</string>
			<key>path</key>
			<string>GTResponseObject.swift</string>
			<key>sourceTree</key>
			<string>&lt;group&gt;</string>
		</dict>
		<key>E5DFDBA91CB2A4CF00BB3D27</key>
		<dict>
			<key>children</key>
			<array>
				<string>E5DFDBAA1CB2A4CF00BB3D27</string>
			</array>
			<key>isa</key>
			<string>PBXGroup</string>
			<key>path</key>
			<string>Settings</string>
			<key>sourceTree</key>
			<string>&lt;group&gt;</string>
		</dict>
		<key>E5DFDBAA1CB2A4CF00BB3D27</key>
		<dict>
			<key>fileEncoding</key>
			<string>4</string>
			<key>isa</key>
			<string>PBXFileReference</string>
			<key>lastKnownFileType</key>
			<string>sourcecode.swift</string>
			<key>path</key>
			<string>GTSettings.swift</string>
			<key>sourceTree</key>
			<string>&lt;group&gt;</string>
		</dict>
		<key>E5DFDBAB1CB2A4CF00BB3D27</key>
		<dict>
			<key>children</key>
			<array>
				<string>E5A1D6C31D2973F70027E438</string>
				<string>E51005F61CB710B700AC66A5</string>
				<string>E51005F81CB710B700AC66A5</string>
				<string>E51006071CB710B700AC66A5</string>
				<string>E510060F1CB710B700AC66A5</string>
				<string>E5DFDBAC1CB2A4CF00BB3D27</string>
			</array>
			<key>isa</key>
			<string>PBXGroup</string>
			<key>path</key>
			<string>Tasks</string>
			<key>sourceTree</key>
			<string>&lt;group&gt;</string>
		</dict>
		<key>E5DFDBAC1CB2A4CF00BB3D27</key>
		<dict>
			<key>fileEncoding</key>
			<string>4</string>
			<key>isa</key>
			<string>PBXFileReference</string>
			<key>lastKnownFileType</key>
			<string>sourcecode.swift</string>
			<key>path</key>
			<string>GTNetworkTask.swift</string>
			<key>sourceTree</key>
			<string>&lt;group&gt;</string>
		</dict>
		<key>E5DFDBAD1CB2A4CF00BB3D27</key>
		<dict>
			<key>children</key>
			<array>
				<string>E5DFDBAE1CB2A4CF00BB3D27</string>
				<string>E5544BF41D556F54002AA88A</string>
			</array>
			<key>isa</key>
			<string>PBXGroup</string>
			<key>path</key>
			<string>Utils</string>
			<key>sourceTree</key>
			<string>&lt;group&gt;</string>
		</dict>
		<key>E5DFDBAE1CB2A4CF00BB3D27</key>
		<dict>
			<key>fileEncoding</key>
			<string>4</string>
			<key>isa</key>
			<string>PBXFileReference</string>
			<key>lastKnownFileType</key>
			<string>sourcecode.swift</string>
			<key>path</key>
			<string>GTUtils.swift</string>
			<key>sourceTree</key>
			<string>&lt;group&gt;</string>
		</dict>
		<key>E5DFDBAF1CB2A4CF00BB3D27</key>
		<dict>
			<key>fileRef</key>
			<string>E5DFDB9C1CB2A4CF00BB3D27</string>
			<key>isa</key>
			<string>PBXBuildFile</string>
		</dict>
		<key>E5DFDBB01CB2A4CF00BB3D27</key>
		<dict>
			<key>fileRef</key>
			<string>E5DFDB9E1CB2A4CF00BB3D27</string>
			<key>isa</key>
			<string>PBXBuildFile</string>
		</dict>
		<key>E5DFDBB21CB2A4CF00BB3D27</key>
		<dict>
			<key>fileRef</key>
			<string>E5DFDBA01CB2A4CF00BB3D27</string>
			<key>isa</key>
			<string>PBXBuildFile</string>
		</dict>
		<key>E5DFDBB51CB2A4CF00BB3D27</key>
		<dict>
			<key>fileRef</key>
			<string>E5DFDBA61CB2A4CF00BB3D27</string>
			<key>isa</key>
			<string>PBXBuildFile</string>
		</dict>
		<key>E5DFDBB61CB2A4CF00BB3D27</key>
		<dict>
			<key>fileRef</key>
			<string>E5DFDBA71CB2A4CF00BB3D27</string>
			<key>isa</key>
			<string>PBXBuildFile</string>
		</dict>
		<key>E5DFDBB71CB2A4CF00BB3D27</key>
		<dict>
			<key>fileRef</key>
			<string>E5DFDBA81CB2A4CF00BB3D27</string>
			<key>isa</key>
			<string>PBXBuildFile</string>
		</dict>
		<key>E5DFDBB81CB2A4CF00BB3D27</key>
		<dict>
			<key>fileRef</key>
			<string>E5DFDBAA1CB2A4CF00BB3D27</string>
			<key>isa</key>
			<string>PBXBuildFile</string>
		</dict>
		<key>E5DFDBB91CB2A4CF00BB3D27</key>
		<dict>
			<key>fileRef</key>
			<string>E5DFDBAC1CB2A4CF00BB3D27</string>
			<key>isa</key>
			<string>PBXBuildFile</string>
		</dict>
		<key>E5DFDBBA1CB2A4CF00BB3D27</key>
		<dict>
			<key>fileRef</key>
			<string>E5DFDBAE1CB2A4CF00BB3D27</string>
			<key>isa</key>
			<string>PBXBuildFile</string>
		</dict>
		<key>E5DFDBBB1CB2A91C00BB3D27</key>
		<dict>
			<key>fileEncoding</key>
			<string>4</string>
			<key>isa</key>
			<string>PBXFileReference</string>
			<key>lastKnownFileType</key>
			<string>sourcecode.swift</string>
			<key>path</key>
			<string>GTApiConstants.swift</string>
			<key>sourceTree</key>
			<string>&lt;group&gt;</string>
		</dict>
		<key>E5DFDBBC1CB2A91C00BB3D27</key>
		<dict>
			<key>fileRef</key>
			<string>E5DFDBBB1CB2A91C00BB3D27</string>
			<key>isa</key>
			<string>PBXBuildFile</string>
		</dict>
		<key>E5DFDBBD1CB2B65C00BB3D27</key>
		<dict>
			<key>fileEncoding</key>
			<string>4</string>
			<key>isa</key>
			<string>PBXFileReference</string>
			<key>lastKnownFileType</key>
			<string>sourcecode.swift</string>
			<key>path</key>
			<string>GTUser.swift</string>
			<key>sourceTree</key>
			<string>&lt;group&gt;</string>
		</dict>
		<key>E5DFDBBE1CB2B65C00BB3D27</key>
		<dict>
			<key>fileRef</key>
			<string>E5DFDBBD1CB2B65C00BB3D27</string>
			<key>isa</key>
			<string>PBXBuildFile</string>
		</dict>
		<key>E5DFDBBF1CB2BAA200BB3D27</key>
		<dict>
			<key>fileEncoding</key>
			<string>4</string>
			<key>isa</key>
			<string>PBXFileReference</string>
			<key>lastKnownFileType</key>
			<string>sourcecode.swift</string>
			<key>path</key>
			<string>GTAsset.swift</string>
			<key>sourceTree</key>
			<string>&lt;group&gt;</string>
		</dict>
		<key>E5DFDBC01CB2BAA200BB3D27</key>
		<dict>
			<key>fileRef</key>
			<string>E5DFDBBF1CB2BAA200BB3D27</string>
			<key>isa</key>
			<string>PBXBuildFile</string>
		</dict>
		<key>E5F40CFC1D4FB54800832D92</key>
		<dict>
			<key>fileEncoding</key>
			<string>4</string>
			<key>isa</key>
			<string>PBXFileReference</string>
			<key>lastKnownFileType</key>
			<string>sourcecode.swift</string>
			<key>path</key>
			<string>GTGetUserStreamablesForLocationTask.swift</string>
			<key>sourceTree</key>
			<string>&lt;group&gt;</string>
		</dict>
		<key>E5F40CFD1D4FB54800832D92</key>
		<dict>
			<key>fileRef</key>
			<string>E5F40CFC1D4FB54800832D92</string>
			<key>isa</key>
			<string>PBXBuildFile</string>
		</dict>
		<key>F7CE86901E56998CA7538A01</key>
		<dict>
			<key>buildActionMask</key>
			<string>2147483647</string>
			<key>files</key>
			<array/>
			<key>inputPaths</key>
			<array/>
			<key>isa</key>
			<string>PBXShellScriptBuildPhase</string>
			<key>name</key>
			<string>[CP] Check Pods Manifest.lock</string>
			<key>outputPaths</key>
			<array/>
			<key>runOnlyForDeploymentPostprocessing</key>
			<string>0</string>
			<key>shellPath</key>
			<string>/bin/sh</string>
			<key>shellScript</key>
			<string>diff "${PODS_ROOT}/../Podfile.lock" "${PODS_ROOT}/Manifest.lock" &gt; /dev/null
if [ $? != 0 ] ; then
    # print error to STDERR
    echo "error: The sandbox is not in sync with the Podfile.lock. Run 'pod install' or update your CocoaPods installation." &gt;&amp;2
    exit 1
fi
</string>
			<key>showEnvVarsInLog</key>
			<string>0</string>
		</dict>
	</dict>
	<key>rootObject</key>
	<string>E5DFDB871CB2A28C00BB3D27</string>
</dict>
</plist>
